// !$*UTF8*$!
{
	archiveVersion = 1;
	classes = {
	};
	objectVersion = 46;
	objects = {

/* Begin PBXBuildFile section */
		4B123FBB1D5C38ED004103B3 /* PlayerModel.swift in Sources */ = {isa = PBXBuildFile; fileRef = 4B123FBA1D5C38ED004103B3 /* PlayerModel.swift */; };
		4BE40F0D1D59EC91000AC74C /* CoreData.framework in Frameworks */ = {isa = PBXBuildFile; fileRef = 4BE40F0C1D59EC91000AC74C /* CoreData.framework */; };
		840FAD241D6867B800C459A8 /* HomeHeaderView.swift in Sources */ = {isa = PBXBuildFile; fileRef = 840FAD231D6867B800C459A8 /* HomeHeaderView.swift */; };
		840FAD261D6867DE00C459A8 /* HomeHeaderView.xib in Resources */ = {isa = PBXBuildFile; fileRef = 840FAD251D6867DE00C459A8 /* HomeHeaderView.xib */; };
		84B7F72B1D829D81002BDA5A /* club@2x.png in Resources */ = {isa = PBXBuildFile; fileRef = 84B7F72A1D829D81002BDA5A /* club@2x.png */; };
		84FD9D5A1D547C52003C0CD1 /* AppDelegate.swift in Sources */ = {isa = PBXBuildFile; fileRef = 84FD9D591D547C52003C0CD1 /* AppDelegate.swift */; };
		84FD9D5D1D547C52003C0CD1 /* FootBall.xcdatamodeld in Sources */ = {isa = PBXBuildFile; fileRef = 84FD9D5B1D547C52003C0CD1 /* FootBall.xcdatamodeld */; };
		84FD9D641D547C52003C0CD1 /* Main.storyboard in Resources */ = {isa = PBXBuildFile; fileRef = 84FD9D621D547C52003C0CD1 /* Main.storyboard */; };
		84FD9D661D547C52003C0CD1 /* Assets.xcassets in Resources */ = {isa = PBXBuildFile; fileRef = 84FD9D651D547C52003C0CD1 /* Assets.xcassets */; };
		84FD9D691D547C52003C0CD1 /* LaunchScreen.storyboard in Resources */ = {isa = PBXBuildFile; fileRef = 84FD9D671D547C52003C0CD1 /* LaunchScreen.storyboard */; };
		84FD9D741D547C52003C0CD1 /* FootBallTests.swift in Sources */ = {isa = PBXBuildFile; fileRef = 84FD9D731D547C52003C0CD1 /* FootBallTests.swift */; };
		84FD9D7F1D547C52003C0CD1 /* FootBallUITests.swift in Sources */ = {isa = PBXBuildFile; fileRef = 84FD9D7E1D547C52003C0CD1 /* FootBallUITests.swift */; };
		84FD9DDD1D547F1F003C0CD1 /* HomeController.swift in Sources */ = {isa = PBXBuildFile; fileRef = 84FD9D8C1D547F1F003C0CD1 /* HomeController.swift */; };
		84FD9DDE1D547F1F003C0CD1 /* AFHTTPSessionManager.m in Sources */ = {isa = PBXBuildFile; fileRef = 84FD9D901D547F1F003C0CD1 /* AFHTTPSessionManager.m */; };
		84FD9DDF1D547F1F003C0CD1 /* AFNetworkReachabilityManager.m in Sources */ = {isa = PBXBuildFile; fileRef = 84FD9D931D547F1F003C0CD1 /* AFNetworkReachabilityManager.m */; };
		84FD9DE01D547F1F003C0CD1 /* AFSecurityPolicy.m in Sources */ = {isa = PBXBuildFile; fileRef = 84FD9D951D547F1F003C0CD1 /* AFSecurityPolicy.m */; };
		84FD9DE11D547F1F003C0CD1 /* AFURLRequestSerialization.m in Sources */ = {isa = PBXBuildFile; fileRef = 84FD9D971D547F1F003C0CD1 /* AFURLRequestSerialization.m */; };
		84FD9DE21D547F1F003C0CD1 /* AFURLResponseSerialization.m in Sources */ = {isa = PBXBuildFile; fileRef = 84FD9D991D547F1F003C0CD1 /* AFURLResponseSerialization.m */; };
		84FD9DE31D547F1F003C0CD1 /* AFURLSessionManager.m in Sources */ = {isa = PBXBuildFile; fileRef = 84FD9D9B1D547F1F003C0CD1 /* AFURLSessionManager.m */; };
		84FD9DE41D547F1F003C0CD1 /* CareerModel.swift in Sources */ = {isa = PBXBuildFile; fileRef = 84FD9D9D1D547F1F003C0CD1 /* CareerModel.swift */; };
		84FD9DE61D547F1F003C0CD1 /* PlayerInfoController.swift in Sources */ = {isa = PBXBuildFile; fileRef = 84FD9DA21D547F1F003C0CD1 /* PlayerInfoController.swift */; };
		84FD9DE71D547F1F003C0CD1 /* RankingAndMatchsController.swift in Sources */ = {isa = PBXBuildFile; fileRef = 84FD9DA31D547F1F003C0CD1 /* RankingAndMatchsController.swift */; };
		84FD9DE81D547F1F003C0CD1 /* GoogleMobileAds.framework in Frameworks */ = {isa = PBXBuildFile; fileRef = 84FD9DA61D547F1F003C0CD1 /* GoogleMobileAds.framework */; };
		84FD9DE91D547F1F003C0CD1 /* FirebaseInstanceID.framework in Frameworks */ = {isa = PBXBuildFile; fileRef = 84FD9DA81D547F1F003C0CD1 /* FirebaseInstanceID.framework */; };
		84FD9DEA1D547F1F003C0CD1 /* GoogleInterchangeUtilities.framework in Frameworks */ = {isa = PBXBuildFile; fileRef = 84FD9DA91D547F1F003C0CD1 /* GoogleInterchangeUtilities.framework */; };
		84FD9DEB1D547F1F003C0CD1 /* GoogleSymbolUtilities.framework in Frameworks */ = {isa = PBXBuildFile; fileRef = 84FD9DAA1D547F1F003C0CD1 /* GoogleSymbolUtilities.framework */; };
		84FD9DEC1D547F1F003C0CD1 /* GoogleUtilities.framework in Frameworks */ = {isa = PBXBuildFile; fileRef = 84FD9DAB1D547F1F003C0CD1 /* GoogleUtilities.framework */; };
		84FD9DED1D547F1F003C0CD1 /* FirebaseAppIndexing.framework in Frameworks */ = {isa = PBXBuildFile; fileRef = 84FD9DAD1D547F1F003C0CD1 /* FirebaseAppIndexing.framework */; };
		84FD9DEE1D547F1F003C0CD1 /* GoogleNetworkingUtilities.framework in Frameworks */ = {isa = PBXBuildFile; fileRef = 84FD9DAF1D547F1F003C0CD1 /* GoogleNetworkingUtilities.framework */; };
		84FD9DEF1D547F1F003C0CD1 /* GoogleParsingUtilities.framework in Frameworks */ = {isa = PBXBuildFile; fileRef = 84FD9DB01D547F1F003C0CD1 /* GoogleParsingUtilities.framework */; };
		84FD9DF01D547F1F003C0CD1 /* batch-upload in Resources */ = {isa = PBXBuildFile; fileRef = 84FD9DB21D547F1F003C0CD1 /* batch-upload */; };
		84FD9DF11D547F1F003C0CD1 /* dump_syms in Resources */ = {isa = PBXBuildFile; fileRef = 84FD9DB31D547F1F003C0CD1 /* dump_syms */; };
		84FD9DF21D547F1F003C0CD1 /* FirebaseCrash.framework in Frameworks */ = {isa = PBXBuildFile; fileRef = 84FD9DB41D547F1F003C0CD1 /* FirebaseCrash.framework */; };
		84FD9DF31D547F1F003C0CD1 /* upload-sym in Resources */ = {isa = PBXBuildFile; fileRef = 84FD9DB51D547F1F003C0CD1 /* upload-sym */; };
		84FD9DF41D547F1F003C0CD1 /* upload-sym-util.bash in Resources */ = {isa = PBXBuildFile; fileRef = 84FD9DB61D547F1F003C0CD1 /* upload-sym-util.bash */; };
		84FD9DF51D547F1F003C0CD1 /* upload-sym.sh in Resources */ = {isa = PBXBuildFile; fileRef = 84FD9DB71D547F1F003C0CD1 /* upload-sym.sh */; };
		84FD9DF61D547F1F003C0CD1 /* FirebaseDatabase.framework in Frameworks */ = {isa = PBXBuildFile; fileRef = 84FD9DB91D547F1F003C0CD1 /* FirebaseDatabase.framework */; };
		84FD9DF71D547F1F003C0CD1 /* FirebaseDynamicLinks.framework in Frameworks */ = {isa = PBXBuildFile; fileRef = 84FD9DBB1D547F1F003C0CD1 /* FirebaseDynamicLinks.framework */; };
		84FD9DF81D547F1F003C0CD1 /* FirebaseDynamicLinks.framework in Frameworks */ = {isa = PBXBuildFile; fileRef = 84FD9DBE1D547F1F003C0CD1 /* FirebaseDynamicLinks.framework */; };
		84FD9DF91D547F1F003C0CD1 /* FirebaseInvites.framework in Frameworks */ = {isa = PBXBuildFile; fileRef = 84FD9DBF1D547F1F003C0CD1 /* FirebaseInvites.framework */; };
		84FD9DFA1D547F1F003C0CD1 /* GoogleAppUtilities.framework in Frameworks */ = {isa = PBXBuildFile; fileRef = 84FD9DC01D547F1F003C0CD1 /* GoogleAppUtilities.framework */; };
		84FD9DFB1D547F1F003C0CD1 /* GoogleAuthUtilities.framework in Frameworks */ = {isa = PBXBuildFile; fileRef = 84FD9DC11D547F1F003C0CD1 /* GoogleAuthUtilities.framework */; };
		84FD9DFC1D547F1F003C0CD1 /* GoogleNetworkingUtilities.framework in Frameworks */ = {isa = PBXBuildFile; fileRef = 84FD9DC21D547F1F003C0CD1 /* GoogleNetworkingUtilities.framework */; };
		84FD9DFD1D547F1F003C0CD1 /* GoogleParsingUtilities.framework in Frameworks */ = {isa = PBXBuildFile; fileRef = 84FD9DC31D547F1F003C0CD1 /* GoogleParsingUtilities.framework */; };
		84FD9DFE1D547F1F003C0CD1 /* GooglePlusUtilities.framework in Frameworks */ = {isa = PBXBuildFile; fileRef = 84FD9DC41D547F1F003C0CD1 /* GooglePlusUtilities.framework */; };
		84FD9DFF1D547F1F003C0CD1 /* GoogleSignIn.framework in Frameworks */ = {isa = PBXBuildFile; fileRef = 84FD9DC51D547F1F003C0CD1 /* GoogleSignIn.framework */; };
		84FD9E001D547F1F003C0CD1 /* GINInviteResources.bundle in Resources */ = {isa = PBXBuildFile; fileRef = 84FD9DC71D547F1F003C0CD1 /* GINInviteResources.bundle */; };
		84FD9E011D547F1F003C0CD1 /* GPPACLPickerResources.bundle in Resources */ = {isa = PBXBuildFile; fileRef = 84FD9DC81D547F1F003C0CD1 /* GPPACLPickerResources.bundle */; };
		84FD9E021D547F1F003C0CD1 /* GTMOAuth2ViewTouch.xib in Resources */ = {isa = PBXBuildFile; fileRef = 84FD9DC91D547F1F003C0CD1 /* GTMOAuth2ViewTouch.xib */; };
		84FD9E031D547F1F003C0CD1 /* Manifest.lock in Resources */ = {isa = PBXBuildFile; fileRef = 84FD9DCA1D547F1F003C0CD1 /* Manifest.lock */; };
		84FD9E041D547F1F003C0CD1 /* FirebaseMessaging.framework in Frameworks */ = {isa = PBXBuildFile; fileRef = 84FD9DCC1D547F1F003C0CD1 /* FirebaseMessaging.framework */; };
		84FD9E051D547F1F003C0CD1 /* GoogleIPhoneUtilities.framework in Frameworks */ = {isa = PBXBuildFile; fileRef = 84FD9DCD1D547F1F003C0CD1 /* GoogleIPhoneUtilities.framework */; };
		84FD9E061D547F1F003C0CD1 /* NOTICES in Resources */ = {isa = PBXBuildFile; fileRef = 84FD9DCF1D547F1F003C0CD1 /* NOTICES */; };
		84FD9E071D547F1F003C0CD1 /* Podfile in Resources */ = {isa = PBXBuildFile; fileRef = 84FD9DD01D547F1F003C0CD1 /* Podfile */; };
		84FD9E081D547F1F003C0CD1 /* Podfile.lock in Resources */ = {isa = PBXBuildFile; fileRef = 84FD9DD11D547F1F003C0CD1 /* Podfile.lock */; };
		84FD9E091D547F1F003C0CD1 /* README.md in Sources */ = {isa = PBXBuildFile; fileRef = 84FD9DD21D547F1F003C0CD1 /* README.md */; };
		84FD9E0A1D547F1F003C0CD1 /* FirebaseRemoteConfig.framework in Frameworks */ = {isa = PBXBuildFile; fileRef = 84FD9DD41D547F1F003C0CD1 /* FirebaseRemoteConfig.framework */; };
		84FD9E0B1D547F1F003C0CD1 /* GoogleIPhoneUtilities.framework in Frameworks */ = {isa = PBXBuildFile; fileRef = 84FD9DD51D547F1F003C0CD1 /* GoogleIPhoneUtilities.framework */; };
		84FD9E0C1D547F1F003C0CD1 /* FirebaseStorage.framework in Frameworks */ = {isa = PBXBuildFile; fileRef = 84FD9DD71D547F1F003C0CD1 /* FirebaseStorage.framework */; };
		84FD9E0D1D547F1F003C0CD1 /* GoogleNetworkingUtilities.framework in Frameworks */ = {isa = PBXBuildFile; fileRef = 84FD9DD81D547F1F003C0CD1 /* GoogleNetworkingUtilities.framework */; };
		84FD9E0E1D547F1F003C0CD1 /* TeamController.swift in Sources */ = {isa = PBXBuildFile; fileRef = 84FD9DD91D547F1F003C0CD1 /* TeamController.swift */; };
		84FD9E0F1D547F1F003C0CD1 /* TeamInfoController.swift in Sources */ = {isa = PBXBuildFile; fileRef = 84FD9DDA1D547F1F003C0CD1 /* TeamInfoController.swift */; };
		84FD9E101D547F1F003C0CD1 /* ToolFunction.swift in Sources */ = {isa = PBXBuildFile; fileRef = 84FD9DDC1D547F1F003C0CD1 /* ToolFunction.swift */; };
		84FD9E1E1D548297003C0CD1 /* CareerHeaderView.swift in Sources */ = {isa = PBXBuildFile; fileRef = 84FD9E121D548297003C0CD1 /* CareerHeaderView.swift */; };
		84FD9E1F1D548297003C0CD1 /* CareerHeaderView.xib in Resources */ = {isa = PBXBuildFile; fileRef = 84FD9E131D548297003C0CD1 /* CareerHeaderView.xib */; };
		84FD9E201D548297003C0CD1 /* LeagueCell.swift in Sources */ = {isa = PBXBuildFile; fileRef = 84FD9E141D548297003C0CD1 /* LeagueCell.swift */; };
		84FD9E211D548297003C0CD1 /* MatchCell.swift in Sources */ = {isa = PBXBuildFile; fileRef = 84FD9E151D548297003C0CD1 /* MatchCell.swift */; };
		84FD9E221D548297003C0CD1 /* MatchCell.xib in Resources */ = {isa = PBXBuildFile; fileRef = 84FD9E161D548297003C0CD1 /* MatchCell.xib */; };
		84FD9E231D548297003C0CD1 /* PlayerCareerCell.swift in Sources */ = {isa = PBXBuildFile; fileRef = 84FD9E171D548297003C0CD1 /* PlayerCareerCell.swift */; };
		84FD9E241D548297003C0CD1 /* PlayerCareerCell.xib in Resources */ = {isa = PBXBuildFile; fileRef = 84FD9E181D548297003C0CD1 /* PlayerCareerCell.xib */; };
		84FD9E251D548297003C0CD1 /* PlayerCell.swift in Sources */ = {isa = PBXBuildFile; fileRef = 84FD9E191D548297003C0CD1 /* PlayerCell.swift */; };
		84FD9E261D548297003C0CD1 /* RankingCell.swift in Sources */ = {isa = PBXBuildFile; fileRef = 84FD9E1A1D548297003C0CD1 /* RankingCell.swift */; };
		84FD9E271D548297003C0CD1 /* RankingCell.xib in Resources */ = {isa = PBXBuildFile; fileRef = 84FD9E1B1D548297003C0CD1 /* RankingCell.xib */; };
		84FD9E281D548297003C0CD1 /* TextNormalCell.swift in Sources */ = {isa = PBXBuildFile; fileRef = 84FD9E1C1D548297003C0CD1 /* TextNormalCell.swift */; };
		84FD9E291D548297003C0CD1 /* TextNormalCell.xib in Resources */ = {isa = PBXBuildFile; fileRef = 84FD9E1D1D548297003C0CD1 /* TextNormalCell.xib */; };
		84FD9E6C1D548AC2003C0CD1 /* GoogleService-Info.plist in Resources */ = {isa = PBXBuildFile; fileRef = 84FD9E6B1D548AC2003C0CD1 /* GoogleService-Info.plist */; };
		B89B4274097870D516DDD2CE /* Pods_FootBall.framework in Frameworks */ = {isa = PBXBuildFile; fileRef = CB75D822F005543694D524F2 /* Pods_FootBall.framework */; };
		D010A35798C429BBC63696D5 /* Pods_FootBallUITests.framework in Frameworks */ = {isa = PBXBuildFile; fileRef = DAF40A93A8E24B34A8B21B54 /* Pods_FootBallUITests.framework */; };
		D200EC671D57572E00D75EAF /* ResultModel.swift in Sources */ = {isa = PBXBuildFile; fileRef = D200EC661D57572E00D75EAF /* ResultModel.swift */; };
		D227EF291D55F57E00FEF134 /* RankingModel.swift in Sources */ = {isa = PBXBuildFile; fileRef = D227EF281D55F57E00FEF134 /* RankingModel.swift */; };
		D2623AB91D8ADD2300400541 /* MapKit.framework in Frameworks */ = {isa = PBXBuildFile; fileRef = D2623AB81D8ADD2300400541 /* MapKit.framework */; };
		D2623ABD1D8ADEE700400541 /* MapController.swift in Sources */ = {isa = PBXBuildFile; fileRef = D2623ABC1D8ADEE700400541 /* MapController.swift */; };
		D26F1BE31D6B727900D2D518 /* championHistoryModel.swift in Sources */ = {isa = PBXBuildFile; fileRef = D26F1BE21D6B727900D2D518 /* championHistoryModel.swift */; };
		D2842B241D69D23400D399A7 /* ChampionHistoryCell.swift in Sources */ = {isa = PBXBuildFile; fileRef = D2842B231D69D23400D399A7 /* ChampionHistoryCell.swift */; };
		D2842B261D69D46D00D399A7 /* ChampionHistoryHeaderView.swift in Sources */ = {isa = PBXBuildFile; fileRef = D2842B251D69D46D00D399A7 /* ChampionHistoryHeaderView.swift */; };
		D2842B281D69D47F00D399A7 /* ChampionHistoryHeaderView.xib in Resources */ = {isa = PBXBuildFile; fileRef = D2842B271D69D47F00D399A7 /* ChampionHistoryHeaderView.xib */; };
		D2CA155D1D54AF6F00D7ED9C /* DatabaseManager.swift in Sources */ = {isa = PBXBuildFile; fileRef = D2CA155C1D54AF6F00D7ED9C /* DatabaseManager.swift */; };
		D2CA15621D54B5CF00D7ED9C /* Ranking+CoreDataProperties.swift in Sources */ = {isa = PBXBuildFile; fileRef = D2CA155E1D54B5CF00D7ED9C /* Ranking+CoreDataProperties.swift */; };
		D2CA15631D54B5CF00D7ED9C /* Ranking.swift in Sources */ = {isa = PBXBuildFile; fileRef = D2CA155F1D54B5CF00D7ED9C /* Ranking.swift */; };
		D2CA15641D54B5CF00D7ED9C /* Result+CoreDataProperties.swift in Sources */ = {isa = PBXBuildFile; fileRef = D2CA15601D54B5CF00D7ED9C /* Result+CoreDataProperties.swift */; };
		D2CA15651D54B5CF00D7ED9C /* Result.swift in Sources */ = {isa = PBXBuildFile; fileRef = D2CA15611D54B5CF00D7ED9C /* Result.swift */; };
		D2CD14531D71A0F8004F1163 /* Contents.json in Resources */ = {isa = PBXBuildFile; fileRef = D2CD14381D71A0F8004F1163 /* Contents.json */; };
		D2CD14541D71A0F8004F1163 /* Icon-40.png in Resources */ = {isa = PBXBuildFile; fileRef = D2CD14391D71A0F8004F1163 /* Icon-40.png */; };
		D2CD14551D71A0F8004F1163 /* Icon-40@2x.png in Resources */ = {isa = PBXBuildFile; fileRef = D2CD143A1D71A0F8004F1163 /* Icon-40@2x.png */; };
		D2CD14561D71A0F8004F1163 /* Icon-40@3x.png in Resources */ = {isa = PBXBuildFile; fileRef = D2CD143B1D71A0F8004F1163 /* Icon-40@3x.png */; };
		D2CD14571D71A0F8004F1163 /* Icon-60@2x.png in Resources */ = {isa = PBXBuildFile; fileRef = D2CD143C1D71A0F8004F1163 /* Icon-60@2x.png */; };
		D2CD14581D71A0F8004F1163 /* Icon-60@3x.png in Resources */ = {isa = PBXBuildFile; fileRef = D2CD143D1D71A0F8004F1163 /* Icon-60@3x.png */; };
		D2CD14591D71A0F8004F1163 /* Icon-76.png in Resources */ = {isa = PBXBuildFile; fileRef = D2CD143E1D71A0F8004F1163 /* Icon-76.png */; };
		D2CD145A1D71A0F8004F1163 /* Icon-76@2x.png in Resources */ = {isa = PBXBuildFile; fileRef = D2CD143F1D71A0F8004F1163 /* Icon-76@2x.png */; };
		D2CD145B1D71A0F8004F1163 /* Icon-Small.png in Resources */ = {isa = PBXBuildFile; fileRef = D2CD14401D71A0F8004F1163 /* Icon-Small.png */; };
		D2CD145C1D71A0F8004F1163 /* Icon-Small@2x.png in Resources */ = {isa = PBXBuildFile; fileRef = D2CD14411D71A0F8004F1163 /* Icon-Small@2x.png */; };
		D2CD145D1D71A0F8004F1163 /* Icon-Small@3x.png in Resources */ = {isa = PBXBuildFile; fileRef = D2CD14421D71A0F8004F1163 /* Icon-Small@3x.png */; };
		D2CD145E1D71A0F8004F1163 /* Icon-60.png in Resources */ = {isa = PBXBuildFile; fileRef = D2CD14431D71A0F8004F1163 /* Icon-60.png */; };
		D2CD145F1D71A0F8004F1163 /* Icon-72.png in Resources */ = {isa = PBXBuildFile; fileRef = D2CD14441D71A0F8004F1163 /* Icon-72.png */; };
		D2CD14601D71A0F8004F1163 /* Icon-72@2x.png in Resources */ = {isa = PBXBuildFile; fileRef = D2CD14451D71A0F8004F1163 /* Icon-72@2x.png */; };
		D2CD14611D71A0F8004F1163 /* Icon-Small-50.png in Resources */ = {isa = PBXBuildFile; fileRef = D2CD14461D71A0F8004F1163 /* Icon-Small-50.png */; };
		D2CD14621D71A0F8004F1163 /* Icon-Small-50@2x.png in Resources */ = {isa = PBXBuildFile; fileRef = D2CD14471D71A0F8004F1163 /* Icon-Small-50@2x.png */; };
		D2CD14631D71A0F8004F1163 /* Icon.png in Resources */ = {isa = PBXBuildFile; fileRef = D2CD14481D71A0F8004F1163 /* Icon.png */; };
		D2CD14641D71A0F8004F1163 /* Icon@2x.png in Resources */ = {isa = PBXBuildFile; fileRef = D2CD14491D71A0F8004F1163 /* Icon@2x.png */; };
		D2CD14651D71A0F8004F1163 /* iTunesArtwork.png in Resources */ = {isa = PBXBuildFile; fileRef = D2CD144A1D71A0F8004F1163 /* iTunesArtwork.png */; };
		D2CD14661D71A0F8004F1163 /* iTunesArtwork@2x.png in Resources */ = {isa = PBXBuildFile; fileRef = D2CD144B1D71A0F8004F1163 /* iTunesArtwork@2x.png */; };
		D2CD14671D71A0F8004F1163 /* Bundesliga.png in Resources */ = {isa = PBXBuildFile; fileRef = D2CD144D1D71A0F8004F1163 /* Bundesliga.png */; };
		D2CD14681D71A0F8004F1163 /* JLeague.png in Resources */ = {isa = PBXBuildFile; fileRef = D2CD144E1D71A0F8004F1163 /* JLeague.png */; };
		D2CD14691D71A0F8004F1163 /* LaLiga.png in Resources */ = {isa = PBXBuildFile; fileRef = D2CD144F1D71A0F8004F1163 /* LaLiga.png */; };
		D2CD146A1D71A0F8004F1163 /* League1.png in Resources */ = {isa = PBXBuildFile; fileRef = D2CD14501D71A0F8004F1163 /* League1.png */; };
		D2CD146B1D71A0F8004F1163 /* PremierLeague.png in Resources */ = {isa = PBXBuildFile; fileRef = D2CD14511D71A0F8004F1163 /* PremierLeague.png */; };
		D2CD146C1D71A0F8004F1163 /* SerieA.png in Resources */ = {isa = PBXBuildFile; fileRef = D2CD14521D71A0F8004F1163 /* SerieA.png */; };
		FD0E1B5FE7C829E72B583342 /* Pods_FootBallTests.framework in Frameworks */ = {isa = PBXBuildFile; fileRef = B0DC0238364B35F92839AE68 /* Pods_FootBallTests.framework */; };
/* End PBXBuildFile section */

/* Begin PBXContainerItemProxy section */
		84FD9D701D547C52003C0CD1 /* PBXContainerItemProxy */ = {
			isa = PBXContainerItemProxy;
			containerPortal = 84FD9D4E1D547C52003C0CD1 /* Project object */;
			proxyType = 1;
			remoteGlobalIDString = 84FD9D551D547C52003C0CD1;
			remoteInfo = FootBall;
		};
		84FD9D7B1D547C52003C0CD1 /* PBXContainerItemProxy */ = {
			isa = PBXContainerItemProxy;
			containerPortal = 84FD9D4E1D547C52003C0CD1 /* Project object */;
			proxyType = 1;
			remoteGlobalIDString = 84FD9D551D547C52003C0CD1;
			remoteInfo = FootBall;
		};
/* End PBXContainerItemProxy section */

/* Begin PBXFileReference section */
		0EDE77E4E02340435E62C332 /* Pods-FootBallTests.debug.xcconfig */ = {isa = PBXFileReference; includeInIndex = 1; lastKnownFileType = text.xcconfig; name = "Pods-FootBallTests.debug.xcconfig"; path = "Pods/Target Support Files/Pods-FootBallTests/Pods-FootBallTests.debug.xcconfig"; sourceTree = "<group>"; };
		3F89E5CA71DED75D9A6D1500 /* Pods-FootBallUITests.release.xcconfig */ = {isa = PBXFileReference; includeInIndex = 1; lastKnownFileType = text.xcconfig; name = "Pods-FootBallUITests.release.xcconfig"; path = "Pods/Target Support Files/Pods-FootBallUITests/Pods-FootBallUITests.release.xcconfig"; sourceTree = "<group>"; };
		4B123FBA1D5C38ED004103B3 /* PlayerModel.swift */ = {isa = PBXFileReference; fileEncoding = 4; lastKnownFileType = sourcecode.swift; path = PlayerModel.swift; sourceTree = "<group>"; };
		4BE40F0C1D59EC91000AC74C /* CoreData.framework */ = {isa = PBXFileReference; lastKnownFileType = wrapper.framework; name = CoreData.framework; path = System/Library/Frameworks/CoreData.framework; sourceTree = SDKROOT; };
		840FAD231D6867B800C459A8 /* HomeHeaderView.swift */ = {isa = PBXFileReference; fileEncoding = 4; lastKnownFileType = sourcecode.swift; path = HomeHeaderView.swift; sourceTree = "<group>"; };
		840FAD251D6867DE00C459A8 /* HomeHeaderView.xib */ = {isa = PBXFileReference; fileEncoding = 4; lastKnownFileType = file.xib; path = HomeHeaderView.xib; sourceTree = "<group>"; };
		840FAD271D686D5700C459A8 /* Constant.h */ = {isa = PBXFileReference; lastKnownFileType = sourcecode.c.h; path = Constant.h; sourceTree = "<group>"; };
		84B7F72A1D829D81002BDA5A /* club@2x.png */ = {isa = PBXFileReference; lastKnownFileType = image.png; path = "club@2x.png"; sourceTree = "<group>"; };
		84FD9D561D547C52003C0CD1 /* FootBall.app */ = {isa = PBXFileReference; explicitFileType = wrapper.application; includeInIndex = 0; path = FootBall.app; sourceTree = BUILT_PRODUCTS_DIR; };
		84FD9D591D547C52003C0CD1 /* AppDelegate.swift */ = {isa = PBXFileReference; lastKnownFileType = sourcecode.swift; path = AppDelegate.swift; sourceTree = "<group>"; };
		84FD9D5C1D547C52003C0CD1 /* FootBall.xcdatamodel */ = {isa = PBXFileReference; lastKnownFileType = wrapper.xcdatamodel; path = FootBall.xcdatamodel; sourceTree = "<group>"; };
		84FD9D631D547C52003C0CD1 /* Base */ = {isa = PBXFileReference; lastKnownFileType = file.storyboard; name = Base; path = Base.lproj/Main.storyboard; sourceTree = "<group>"; };
		84FD9D651D547C52003C0CD1 /* Assets.xcassets */ = {isa = PBXFileReference; lastKnownFileType = folder.assetcatalog; path = Assets.xcassets; sourceTree = "<group>"; };
		84FD9D681D547C52003C0CD1 /* Base */ = {isa = PBXFileReference; lastKnownFileType = file.storyboard; name = Base; path = Base.lproj/LaunchScreen.storyboard; sourceTree = "<group>"; };
		84FD9D6A1D547C52003C0CD1 /* Info.plist */ = {isa = PBXFileReference; lastKnownFileType = text.plist.xml; path = Info.plist; sourceTree = "<group>"; };
		84FD9D6F1D547C52003C0CD1 /* FootBallTests.xctest */ = {isa = PBXFileReference; explicitFileType = wrapper.cfbundle; includeInIndex = 0; path = FootBallTests.xctest; sourceTree = BUILT_PRODUCTS_DIR; };
		84FD9D731D547C52003C0CD1 /* FootBallTests.swift */ = {isa = PBXFileReference; lastKnownFileType = sourcecode.swift; path = FootBallTests.swift; sourceTree = "<group>"; };
		84FD9D751D547C52003C0CD1 /* Info.plist */ = {isa = PBXFileReference; lastKnownFileType = text.plist.xml; path = Info.plist; sourceTree = "<group>"; };
		84FD9D7A1D547C52003C0CD1 /* FootBallUITests.xctest */ = {isa = PBXFileReference; explicitFileType = wrapper.cfbundle; includeInIndex = 0; path = FootBallUITests.xctest; sourceTree = BUILT_PRODUCTS_DIR; };
		84FD9D7E1D547C52003C0CD1 /* FootBallUITests.swift */ = {isa = PBXFileReference; lastKnownFileType = sourcecode.swift; path = FootBallUITests.swift; sourceTree = "<group>"; };
		84FD9D801D547C52003C0CD1 /* Info.plist */ = {isa = PBXFileReference; lastKnownFileType = text.plist.xml; path = Info.plist; sourceTree = "<group>"; };
		84FD9D8C1D547F1F003C0CD1 /* HomeController.swift */ = {isa = PBXFileReference; fileEncoding = 4; lastKnownFileType = sourcecode.swift; path = HomeController.swift; sourceTree = "<group>"; };
		84FD9D8F1D547F1F003C0CD1 /* AFHTTPSessionManager.h */ = {isa = PBXFileReference; fileEncoding = 4; lastKnownFileType = sourcecode.c.h; path = AFHTTPSessionManager.h; sourceTree = "<group>"; };
		84FD9D901D547F1F003C0CD1 /* AFHTTPSessionManager.m */ = {isa = PBXFileReference; fileEncoding = 4; lastKnownFileType = sourcecode.c.objc; path = AFHTTPSessionManager.m; sourceTree = "<group>"; };
		84FD9D911D547F1F003C0CD1 /* AFNetworking.h */ = {isa = PBXFileReference; fileEncoding = 4; lastKnownFileType = sourcecode.c.h; path = AFNetworking.h; sourceTree = "<group>"; };
		84FD9D921D547F1F003C0CD1 /* AFNetworkReachabilityManager.h */ = {isa = PBXFileReference; fileEncoding = 4; lastKnownFileType = sourcecode.c.h; path = AFNetworkReachabilityManager.h; sourceTree = "<group>"; };
		84FD9D931D547F1F003C0CD1 /* AFNetworkReachabilityManager.m */ = {isa = PBXFileReference; fileEncoding = 4; lastKnownFileType = sourcecode.c.objc; path = AFNetworkReachabilityManager.m; sourceTree = "<group>"; };
		84FD9D941D547F1F003C0CD1 /* AFSecurityPolicy.h */ = {isa = PBXFileReference; fileEncoding = 4; lastKnownFileType = sourcecode.c.h; path = AFSecurityPolicy.h; sourceTree = "<group>"; };
		84FD9D951D547F1F003C0CD1 /* AFSecurityPolicy.m */ = {isa = PBXFileReference; fileEncoding = 4; lastKnownFileType = sourcecode.c.objc; path = AFSecurityPolicy.m; sourceTree = "<group>"; };
		84FD9D961D547F1F003C0CD1 /* AFURLRequestSerialization.h */ = {isa = PBXFileReference; fileEncoding = 4; lastKnownFileType = sourcecode.c.h; path = AFURLRequestSerialization.h; sourceTree = "<group>"; };
		84FD9D971D547F1F003C0CD1 /* AFURLRequestSerialization.m */ = {isa = PBXFileReference; fileEncoding = 4; lastKnownFileType = sourcecode.c.objc; path = AFURLRequestSerialization.m; sourceTree = "<group>"; };
		84FD9D981D547F1F003C0CD1 /* AFURLResponseSerialization.h */ = {isa = PBXFileReference; fileEncoding = 4; lastKnownFileType = sourcecode.c.h; path = AFURLResponseSerialization.h; sourceTree = "<group>"; };
		84FD9D991D547F1F003C0CD1 /* AFURLResponseSerialization.m */ = {isa = PBXFileReference; fileEncoding = 4; lastKnownFileType = sourcecode.c.objc; path = AFURLResponseSerialization.m; sourceTree = "<group>"; };
		84FD9D9A1D547F1F003C0CD1 /* AFURLSessionManager.h */ = {isa = PBXFileReference; fileEncoding = 4; lastKnownFileType = sourcecode.c.h; path = AFURLSessionManager.h; sourceTree = "<group>"; };
		84FD9D9B1D547F1F003C0CD1 /* AFURLSessionManager.m */ = {isa = PBXFileReference; fileEncoding = 4; lastKnownFileType = sourcecode.c.objc; path = AFURLSessionManager.m; sourceTree = "<group>"; };
		84FD9D9D1D547F1F003C0CD1 /* CareerModel.swift */ = {isa = PBXFileReference; fileEncoding = 4; lastKnownFileType = sourcecode.swift; path = CareerModel.swift; sourceTree = "<group>"; };
		84FD9D9E1D547F1F003C0CD1 /* FootBallNew-Bridging-Header.h */ = {isa = PBXFileReference; fileEncoding = 4; lastKnownFileType = sourcecode.c.h; path = "FootBallNew-Bridging-Header.h"; sourceTree = "<group>"; };
		84FD9D9F1D547F1F003C0CD1 /* HeaderObj.h */ = {isa = PBXFileReference; fileEncoding = 4; lastKnownFileType = sourcecode.c.h; path = HeaderObj.h; sourceTree = "<group>"; };
		84FD9DA21D547F1F003C0CD1 /* PlayerInfoController.swift */ = {isa = PBXFileReference; fileEncoding = 4; lastKnownFileType = sourcecode.swift; path = PlayerInfoController.swift; sourceTree = "<group>"; };
		84FD9DA31D547F1F003C0CD1 /* RankingAndMatchsController.swift */ = {isa = PBXFileReference; fileEncoding = 4; lastKnownFileType = sourcecode.swift; path = RankingAndMatchsController.swift; sourceTree = "<group>"; };
		84FD9DA61D547F1F003C0CD1 /* GoogleMobileAds.framework */ = {isa = PBXFileReference; lastKnownFileType = wrapper.framework; path = GoogleMobileAds.framework; sourceTree = "<group>"; };
		84FD9DA81D547F1F003C0CD1 /* FirebaseInstanceID.framework */ = {isa = PBXFileReference; lastKnownFileType = wrapper.framework; path = FirebaseInstanceID.framework; sourceTree = "<group>"; };
		84FD9DA91D547F1F003C0CD1 /* GoogleInterchangeUtilities.framework */ = {isa = PBXFileReference; lastKnownFileType = wrapper.framework; path = GoogleInterchangeUtilities.framework; sourceTree = "<group>"; };
		84FD9DAA1D547F1F003C0CD1 /* GoogleSymbolUtilities.framework */ = {isa = PBXFileReference; lastKnownFileType = wrapper.framework; path = GoogleSymbolUtilities.framework; sourceTree = "<group>"; };
		84FD9DAB1D547F1F003C0CD1 /* GoogleUtilities.framework */ = {isa = PBXFileReference; lastKnownFileType = wrapper.framework; path = GoogleUtilities.framework; sourceTree = "<group>"; };
		84FD9DAD1D547F1F003C0CD1 /* FirebaseAppIndexing.framework */ = {isa = PBXFileReference; lastKnownFileType = wrapper.framework; path = FirebaseAppIndexing.framework; sourceTree = "<group>"; };
		84FD9DAF1D547F1F003C0CD1 /* GoogleNetworkingUtilities.framework */ = {isa = PBXFileReference; lastKnownFileType = wrapper.framework; path = GoogleNetworkingUtilities.framework; sourceTree = "<group>"; };
		84FD9DB01D547F1F003C0CD1 /* GoogleParsingUtilities.framework */ = {isa = PBXFileReference; lastKnownFileType = wrapper.framework; path = GoogleParsingUtilities.framework; sourceTree = "<group>"; };
		84FD9DB21D547F1F003C0CD1 /* batch-upload */ = {isa = PBXFileReference; fileEncoding = 4; lastKnownFileType = text.script.sh; path = "batch-upload"; sourceTree = "<group>"; };
		84FD9DB31D547F1F003C0CD1 /* dump_syms */ = {isa = PBXFileReference; lastKnownFileType = "compiled.mach-o.executable"; path = dump_syms; sourceTree = "<group>"; };
		84FD9DB41D547F1F003C0CD1 /* FirebaseCrash.framework */ = {isa = PBXFileReference; lastKnownFileType = wrapper.framework; path = FirebaseCrash.framework; sourceTree = "<group>"; };
		84FD9DB51D547F1F003C0CD1 /* upload-sym */ = {isa = PBXFileReference; fileEncoding = 4; lastKnownFileType = text.script.sh; path = "upload-sym"; sourceTree = "<group>"; };
		84FD9DB61D547F1F003C0CD1 /* upload-sym-util.bash */ = {isa = PBXFileReference; fileEncoding = 4; lastKnownFileType = text; path = "upload-sym-util.bash"; sourceTree = "<group>"; };
		84FD9DB71D547F1F003C0CD1 /* upload-sym.sh */ = {isa = PBXFileReference; fileEncoding = 4; lastKnownFileType = text.script.sh; path = "upload-sym.sh"; sourceTree = "<group>"; };
		84FD9DB91D547F1F003C0CD1 /* FirebaseDatabase.framework */ = {isa = PBXFileReference; lastKnownFileType = wrapper.framework; path = FirebaseDatabase.framework; sourceTree = "<group>"; };
		84FD9DBB1D547F1F003C0CD1 /* FirebaseDynamicLinks.framework */ = {isa = PBXFileReference; lastKnownFileType = wrapper.framework; path = FirebaseDynamicLinks.framework; sourceTree = "<group>"; };
		84FD9DBC1D547F1F003C0CD1 /* Firebase.h */ = {isa = PBXFileReference; fileEncoding = 4; lastKnownFileType = sourcecode.c.h; path = Firebase.h; sourceTree = "<group>"; };
		84FD9DBE1D547F1F003C0CD1 /* FirebaseDynamicLinks.framework */ = {isa = PBXFileReference; lastKnownFileType = wrapper.framework; path = FirebaseDynamicLinks.framework; sourceTree = "<group>"; };
		84FD9DBF1D547F1F003C0CD1 /* FirebaseInvites.framework */ = {isa = PBXFileReference; lastKnownFileType = wrapper.framework; path = FirebaseInvites.framework; sourceTree = "<group>"; };
		84FD9DC01D547F1F003C0CD1 /* GoogleAppUtilities.framework */ = {isa = PBXFileReference; lastKnownFileType = wrapper.framework; path = GoogleAppUtilities.framework; sourceTree = "<group>"; };
		84FD9DC11D547F1F003C0CD1 /* GoogleAuthUtilities.framework */ = {isa = PBXFileReference; lastKnownFileType = wrapper.framework; path = GoogleAuthUtilities.framework; sourceTree = "<group>"; };
		84FD9DC21D547F1F003C0CD1 /* GoogleNetworkingUtilities.framework */ = {isa = PBXFileReference; lastKnownFileType = wrapper.framework; path = GoogleNetworkingUtilities.framework; sourceTree = "<group>"; };
		84FD9DC31D547F1F003C0CD1 /* GoogleParsingUtilities.framework */ = {isa = PBXFileReference; lastKnownFileType = wrapper.framework; path = GoogleParsingUtilities.framework; sourceTree = "<group>"; };
		84FD9DC41D547F1F003C0CD1 /* GooglePlusUtilities.framework */ = {isa = PBXFileReference; lastKnownFileType = wrapper.framework; path = GooglePlusUtilities.framework; sourceTree = "<group>"; };
		84FD9DC51D547F1F003C0CD1 /* GoogleSignIn.framework */ = {isa = PBXFileReference; lastKnownFileType = wrapper.framework; path = GoogleSignIn.framework; sourceTree = "<group>"; };
		84FD9DC71D547F1F003C0CD1 /* GINInviteResources.bundle */ = {isa = PBXFileReference; lastKnownFileType = "wrapper.plug-in"; path = GINInviteResources.bundle; sourceTree = "<group>"; };
		84FD9DC81D547F1F003C0CD1 /* GPPACLPickerResources.bundle */ = {isa = PBXFileReference; lastKnownFileType = "wrapper.plug-in"; path = GPPACLPickerResources.bundle; sourceTree = "<group>"; };
		84FD9DC91D547F1F003C0CD1 /* GTMOAuth2ViewTouch.xib */ = {isa = PBXFileReference; fileEncoding = 4; lastKnownFileType = file.xib; path = GTMOAuth2ViewTouch.xib; sourceTree = "<group>"; };
		84FD9DCA1D547F1F003C0CD1 /* Manifest.lock */ = {isa = PBXFileReference; fileEncoding = 4; lastKnownFileType = text; path = Manifest.lock; sourceTree = "<group>"; };
		84FD9DCC1D547F1F003C0CD1 /* FirebaseMessaging.framework */ = {isa = PBXFileReference; lastKnownFileType = wrapper.framework; path = FirebaseMessaging.framework; sourceTree = "<group>"; };
		84FD9DCD1D547F1F003C0CD1 /* GoogleIPhoneUtilities.framework */ = {isa = PBXFileReference; lastKnownFileType = wrapper.framework; path = GoogleIPhoneUtilities.framework; sourceTree = "<group>"; };
		84FD9DCE1D547F1F003C0CD1 /* module.modulemap */ = {isa = PBXFileReference; fileEncoding = 4; lastKnownFileType = "sourcecode.module-map"; path = module.modulemap; sourceTree = "<group>"; };
		84FD9DCF1D547F1F003C0CD1 /* NOTICES */ = {isa = PBXFileReference; fileEncoding = 4; lastKnownFileType = text; path = NOTICES; sourceTree = "<group>"; };
		84FD9DD01D547F1F003C0CD1 /* Podfile */ = {isa = PBXFileReference; fileEncoding = 4; lastKnownFileType = text; path = Podfile; sourceTree = "<group>"; };
		84FD9DD11D547F1F003C0CD1 /* Podfile.lock */ = {isa = PBXFileReference; fileEncoding = 4; lastKnownFileType = text; path = Podfile.lock; sourceTree = "<group>"; };
		84FD9DD21D547F1F003C0CD1 /* README.md */ = {isa = PBXFileReference; fileEncoding = 4; lastKnownFileType = net.daringfireball.markdown; path = README.md; sourceTree = "<group>"; };
		84FD9DD41D547F1F003C0CD1 /* FirebaseRemoteConfig.framework */ = {isa = PBXFileReference; lastKnownFileType = wrapper.framework; path = FirebaseRemoteConfig.framework; sourceTree = "<group>"; };
		84FD9DD51D547F1F003C0CD1 /* GoogleIPhoneUtilities.framework */ = {isa = PBXFileReference; lastKnownFileType = wrapper.framework; path = GoogleIPhoneUtilities.framework; sourceTree = "<group>"; };
		84FD9DD71D547F1F003C0CD1 /* FirebaseStorage.framework */ = {isa = PBXFileReference; lastKnownFileType = wrapper.framework; path = FirebaseStorage.framework; sourceTree = "<group>"; };
		84FD9DD81D547F1F003C0CD1 /* GoogleNetworkingUtilities.framework */ = {isa = PBXFileReference; lastKnownFileType = wrapper.framework; path = GoogleNetworkingUtilities.framework; sourceTree = "<group>"; };
		84FD9DD91D547F1F003C0CD1 /* TeamController.swift */ = {isa = PBXFileReference; fileEncoding = 4; lastKnownFileType = sourcecode.swift; path = TeamController.swift; sourceTree = "<group>"; };
		84FD9DDA1D547F1F003C0CD1 /* TeamInfoController.swift */ = {isa = PBXFileReference; fileEncoding = 4; lastKnownFileType = sourcecode.swift; path = TeamInfoController.swift; sourceTree = "<group>"; };
		84FD9DDC1D547F1F003C0CD1 /* ToolFunction.swift */ = {isa = PBXFileReference; fileEncoding = 4; lastKnownFileType = sourcecode.swift; path = ToolFunction.swift; sourceTree = "<group>"; };
		84FD9E121D548297003C0CD1 /* CareerHeaderView.swift */ = {isa = PBXFileReference; fileEncoding = 4; lastKnownFileType = sourcecode.swift; path = CareerHeaderView.swift; sourceTree = "<group>"; };
		84FD9E131D548297003C0CD1 /* CareerHeaderView.xib */ = {isa = PBXFileReference; fileEncoding = 4; lastKnownFileType = file.xib; path = CareerHeaderView.xib; sourceTree = "<group>"; };
		84FD9E141D548297003C0CD1 /* LeagueCell.swift */ = {isa = PBXFileReference; fileEncoding = 4; lastKnownFileType = sourcecode.swift; path = LeagueCell.swift; sourceTree = "<group>"; };
		84FD9E151D548297003C0CD1 /* MatchCell.swift */ = {isa = PBXFileReference; fileEncoding = 4; lastKnownFileType = sourcecode.swift; path = MatchCell.swift; sourceTree = "<group>"; };
		84FD9E161D548297003C0CD1 /* MatchCell.xib */ = {isa = PBXFileReference; fileEncoding = 4; lastKnownFileType = file.xib; path = MatchCell.xib; sourceTree = "<group>"; };
		84FD9E171D548297003C0CD1 /* PlayerCareerCell.swift */ = {isa = PBXFileReference; fileEncoding = 4; lastKnownFileType = sourcecode.swift; path = PlayerCareerCell.swift; sourceTree = "<group>"; };
		84FD9E181D548297003C0CD1 /* PlayerCareerCell.xib */ = {isa = PBXFileReference; fileEncoding = 4; lastKnownFileType = file.xib; path = PlayerCareerCell.xib; sourceTree = "<group>"; };
		84FD9E191D548297003C0CD1 /* PlayerCell.swift */ = {isa = PBXFileReference; fileEncoding = 4; lastKnownFileType = sourcecode.swift; path = PlayerCell.swift; sourceTree = "<group>"; };
		84FD9E1A1D548297003C0CD1 /* RankingCell.swift */ = {isa = PBXFileReference; fileEncoding = 4; lastKnownFileType = sourcecode.swift; path = RankingCell.swift; sourceTree = "<group>"; };
		84FD9E1B1D548297003C0CD1 /* RankingCell.xib */ = {isa = PBXFileReference; fileEncoding = 4; lastKnownFileType = file.xib; path = RankingCell.xib; sourceTree = "<group>"; };
		84FD9E1C1D548297003C0CD1 /* TextNormalCell.swift */ = {isa = PBXFileReference; fileEncoding = 4; lastKnownFileType = sourcecode.swift; path = TextNormalCell.swift; sourceTree = "<group>"; };
		84FD9E1D1D548297003C0CD1 /* TextNormalCell.xib */ = {isa = PBXFileReference; fileEncoding = 4; lastKnownFileType = file.xib; path = TextNormalCell.xib; sourceTree = "<group>"; };
		84FD9E6B1D548AC2003C0CD1 /* GoogleService-Info.plist */ = {isa = PBXFileReference; fileEncoding = 4; lastKnownFileType = text.plist.xml; path = "GoogleService-Info.plist"; sourceTree = "<group>"; };
		8B172D0EB1D4A676B00AE4BF /* Pods-FootBall.release.xcconfig */ = {isa = PBXFileReference; includeInIndex = 1; lastKnownFileType = text.xcconfig; name = "Pods-FootBall.release.xcconfig"; path = "Pods/Target Support Files/Pods-FootBall/Pods-FootBall.release.xcconfig"; sourceTree = "<group>"; };
		9A7ABF6BC247AFC2D6E0E450 /* Pods-FootBallUITests.debug.xcconfig */ = {isa = PBXFileReference; includeInIndex = 1; lastKnownFileType = text.xcconfig; name = "Pods-FootBallUITests.debug.xcconfig"; path = "Pods/Target Support Files/Pods-FootBallUITests/Pods-FootBallUITests.debug.xcconfig"; sourceTree = "<group>"; };
		B0DC0238364B35F92839AE68 /* Pods_FootBallTests.framework */ = {isa = PBXFileReference; explicitFileType = wrapper.framework; includeInIndex = 0; path = Pods_FootBallTests.framework; sourceTree = BUILT_PRODUCTS_DIR; };
		CB75D822F005543694D524F2 /* Pods_FootBall.framework */ = {isa = PBXFileReference; explicitFileType = wrapper.framework; includeInIndex = 0; path = Pods_FootBall.framework; sourceTree = BUILT_PRODUCTS_DIR; };
		D200EC661D57572E00D75EAF /* ResultModel.swift */ = {isa = PBXFileReference; fileEncoding = 4; lastKnownFileType = sourcecode.swift; path = ResultModel.swift; sourceTree = "<group>"; };
		D227EF281D55F57E00FEF134 /* RankingModel.swift */ = {isa = PBXFileReference; fileEncoding = 4; lastKnownFileType = sourcecode.swift; path = RankingModel.swift; sourceTree = "<group>"; };
		D2623AB81D8ADD2300400541 /* MapKit.framework */ = {isa = PBXFileReference; lastKnownFileType = wrapper.framework; name = MapKit.framework; path = System/Library/Frameworks/MapKit.framework; sourceTree = SDKROOT; };
		D2623ABC1D8ADEE700400541 /* MapController.swift */ = {isa = PBXFileReference; fileEncoding = 4; lastKnownFileType = sourcecode.swift; path = MapController.swift; sourceTree = "<group>"; };
		D26F1BE21D6B727900D2D518 /* championHistoryModel.swift */ = {isa = PBXFileReference; fileEncoding = 4; lastKnownFileType = sourcecode.swift; path = championHistoryModel.swift; sourceTree = "<group>"; };
		D2842B231D69D23400D399A7 /* ChampionHistoryCell.swift */ = {isa = PBXFileReference; fileEncoding = 4; lastKnownFileType = sourcecode.swift; path = ChampionHistoryCell.swift; sourceTree = "<group>"; };
		D2842B251D69D46D00D399A7 /* ChampionHistoryHeaderView.swift */ = {isa = PBXFileReference; fileEncoding = 4; lastKnownFileType = sourcecode.swift; path = ChampionHistoryHeaderView.swift; sourceTree = "<group>"; };
		D2842B271D69D47F00D399A7 /* ChampionHistoryHeaderView.xib */ = {isa = PBXFileReference; fileEncoding = 4; lastKnownFileType = file.xib; path = ChampionHistoryHeaderView.xib; sourceTree = "<group>"; };
		D2CA155C1D54AF6F00D7ED9C /* DatabaseManager.swift */ = {isa = PBXFileReference; fileEncoding = 4; lastKnownFileType = sourcecode.swift; name = DatabaseManager.swift; path = Database/DatabaseManager.swift; sourceTree = "<group>"; };
		D2CA155E1D54B5CF00D7ED9C /* Ranking+CoreDataProperties.swift */ = {isa = PBXFileReference; fileEncoding = 4; lastKnownFileType = sourcecode.swift; name = "Ranking+CoreDataProperties.swift"; path = "Database/Ranking+CoreDataProperties.swift"; sourceTree = "<group>"; };
		D2CA155F1D54B5CF00D7ED9C /* Ranking.swift */ = {isa = PBXFileReference; fileEncoding = 4; lastKnownFileType = sourcecode.swift; name = Ranking.swift; path = Database/Ranking.swift; sourceTree = "<group>"; };
		D2CA15601D54B5CF00D7ED9C /* Result+CoreDataProperties.swift */ = {isa = PBXFileReference; fileEncoding = 4; lastKnownFileType = sourcecode.swift; name = "Result+CoreDataProperties.swift"; path = "Database/Result+CoreDataProperties.swift"; sourceTree = "<group>"; };
		D2CA15611D54B5CF00D7ED9C /* Result.swift */ = {isa = PBXFileReference; fileEncoding = 4; lastKnownFileType = sourcecode.swift; name = Result.swift; path = Database/Result.swift; sourceTree = "<group>"; };
		D2CD14381D71A0F8004F1163 /* Contents.json */ = {isa = PBXFileReference; fileEncoding = 4; lastKnownFileType = text.json; path = Contents.json; sourceTree = "<group>"; };
		D2CD14391D71A0F8004F1163 /* Icon-40.png */ = {isa = PBXFileReference; lastKnownFileType = image.png; path = "Icon-40.png"; sourceTree = "<group>"; };
		D2CD143A1D71A0F8004F1163 /* Icon-40@2x.png */ = {isa = PBXFileReference; lastKnownFileType = image.png; path = "Icon-40@2x.png"; sourceTree = "<group>"; };
		D2CD143B1D71A0F8004F1163 /* Icon-40@3x.png */ = {isa = PBXFileReference; lastKnownFileType = image.png; path = "Icon-40@3x.png"; sourceTree = "<group>"; };
		D2CD143C1D71A0F8004F1163 /* Icon-60@2x.png */ = {isa = PBXFileReference; lastKnownFileType = image.png; path = "Icon-60@2x.png"; sourceTree = "<group>"; };
		D2CD143D1D71A0F8004F1163 /* Icon-60@3x.png */ = {isa = PBXFileReference; lastKnownFileType = image.png; path = "Icon-60@3x.png"; sourceTree = "<group>"; };
		D2CD143E1D71A0F8004F1163 /* Icon-76.png */ = {isa = PBXFileReference; lastKnownFileType = image.png; path = "Icon-76.png"; sourceTree = "<group>"; };
		D2CD143F1D71A0F8004F1163 /* Icon-76@2x.png */ = {isa = PBXFileReference; lastKnownFileType = image.png; path = "Icon-76@2x.png"; sourceTree = "<group>"; };
		D2CD14401D71A0F8004F1163 /* Icon-Small.png */ = {isa = PBXFileReference; lastKnownFileType = image.png; path = "Icon-Small.png"; sourceTree = "<group>"; };
		D2CD14411D71A0F8004F1163 /* Icon-Small@2x.png */ = {isa = PBXFileReference; lastKnownFileType = image.png; path = "Icon-Small@2x.png"; sourceTree = "<group>"; };
		D2CD14421D71A0F8004F1163 /* Icon-Small@3x.png */ = {isa = PBXFileReference; lastKnownFileType = image.png; path = "Icon-Small@3x.png"; sourceTree = "<group>"; };
		D2CD14431D71A0F8004F1163 /* Icon-60.png */ = {isa = PBXFileReference; lastKnownFileType = image.png; path = "Icon-60.png"; sourceTree = "<group>"; };
		D2CD14441D71A0F8004F1163 /* Icon-72.png */ = {isa = PBXFileReference; lastKnownFileType = image.png; path = "Icon-72.png"; sourceTree = "<group>"; };
		D2CD14451D71A0F8004F1163 /* Icon-72@2x.png */ = {isa = PBXFileReference; lastKnownFileType = image.png; path = "Icon-72@2x.png"; sourceTree = "<group>"; };
		D2CD14461D71A0F8004F1163 /* Icon-Small-50.png */ = {isa = PBXFileReference; lastKnownFileType = image.png; path = "Icon-Small-50.png"; sourceTree = "<group>"; };
		D2CD14471D71A0F8004F1163 /* Icon-Small-50@2x.png */ = {isa = PBXFileReference; lastKnownFileType = image.png; path = "Icon-Small-50@2x.png"; sourceTree = "<group>"; };
		D2CD14481D71A0F8004F1163 /* Icon.png */ = {isa = PBXFileReference; lastKnownFileType = image.png; path = Icon.png; sourceTree = "<group>"; };
		D2CD14491D71A0F8004F1163 /* Icon@2x.png */ = {isa = PBXFileReference; lastKnownFileType = image.png; path = "Icon@2x.png"; sourceTree = "<group>"; };
		D2CD144A1D71A0F8004F1163 /* iTunesArtwork.png */ = {isa = PBXFileReference; lastKnownFileType = image.png; path = iTunesArtwork.png; sourceTree = "<group>"; };
		D2CD144B1D71A0F8004F1163 /* iTunesArtwork@2x.png */ = {isa = PBXFileReference; lastKnownFileType = image.png; path = "iTunesArtwork@2x.png"; sourceTree = "<group>"; };
		D2CD144D1D71A0F8004F1163 /* Bundesliga.png */ = {isa = PBXFileReference; lastKnownFileType = image.png; path = Bundesliga.png; sourceTree = "<group>"; };
		D2CD144E1D71A0F8004F1163 /* JLeague.png */ = {isa = PBXFileReference; lastKnownFileType = image.png; path = JLeague.png; sourceTree = "<group>"; };
		D2CD144F1D71A0F8004F1163 /* LaLiga.png */ = {isa = PBXFileReference; lastKnownFileType = image.png; path = LaLiga.png; sourceTree = "<group>"; };
		D2CD14501D71A0F8004F1163 /* League1.png */ = {isa = PBXFileReference; lastKnownFileType = image.png; path = League1.png; sourceTree = "<group>"; };
		D2CD14511D71A0F8004F1163 /* PremierLeague.png */ = {isa = PBXFileReference; lastKnownFileType = image.png; path = PremierLeague.png; sourceTree = "<group>"; };
		D2CD14521D71A0F8004F1163 /* SerieA.png */ = {isa = PBXFileReference; lastKnownFileType = image.png; path = SerieA.png; sourceTree = "<group>"; };
		DAF40A93A8E24B34A8B21B54 /* Pods_FootBallUITests.framework */ = {isa = PBXFileReference; explicitFileType = wrapper.framework; includeInIndex = 0; path = Pods_FootBallUITests.framework; sourceTree = BUILT_PRODUCTS_DIR; };
		EFB88155701BFD114B82AFF0 /* Pods-FootBall.debug.xcconfig */ = {isa = PBXFileReference; includeInIndex = 1; lastKnownFileType = text.xcconfig; name = "Pods-FootBall.debug.xcconfig"; path = "Pods/Target Support Files/Pods-FootBall/Pods-FootBall.debug.xcconfig"; sourceTree = "<group>"; };
		FA350B7BAD6F1E51467A924F /* Pods-FootBallTests.release.xcconfig */ = {isa = PBXFileReference; includeInIndex = 1; lastKnownFileType = text.xcconfig; name = "Pods-FootBallTests.release.xcconfig"; path = "Pods/Target Support Files/Pods-FootBallTests/Pods-FootBallTests.release.xcconfig"; sourceTree = "<group>"; };
/* End PBXFileReference section */

/* Begin PBXFrameworksBuildPhase section */
		84FD9D531D547C52003C0CD1 /* Frameworks */ = {
			isa = PBXFrameworksBuildPhase;
			buildActionMask = 2147483647;
			files = (
				D2623AB91D8ADD2300400541 /* MapKit.framework in Frameworks */,
				4BE40F0D1D59EC91000AC74C /* CoreData.framework in Frameworks */,
				84FD9DFC1D547F1F003C0CD1 /* GoogleNetworkingUtilities.framework in Frameworks */,
				84FD9E0B1D547F1F003C0CD1 /* GoogleIPhoneUtilities.framework in Frameworks */,
				84FD9DEA1D547F1F003C0CD1 /* GoogleInterchangeUtilities.framework in Frameworks */,
				84FD9DF81D547F1F003C0CD1 /* FirebaseDynamicLinks.framework in Frameworks */,
				84FD9DEE1D547F1F003C0CD1 /* GoogleNetworkingUtilities.framework in Frameworks */,
				84FD9DEF1D547F1F003C0CD1 /* GoogleParsingUtilities.framework in Frameworks */,
				84FD9E0A1D547F1F003C0CD1 /* FirebaseRemoteConfig.framework in Frameworks */,
				84FD9DFB1D547F1F003C0CD1 /* GoogleAuthUtilities.framework in Frameworks */,
				84FD9E041D547F1F003C0CD1 /* FirebaseMessaging.framework in Frameworks */,
				84FD9E051D547F1F003C0CD1 /* GoogleIPhoneUtilities.framework in Frameworks */,
				84FD9E0D1D547F1F003C0CD1 /* GoogleNetworkingUtilities.framework in Frameworks */,
				84FD9DFA1D547F1F003C0CD1 /* GoogleAppUtilities.framework in Frameworks */,
				84FD9E0C1D547F1F003C0CD1 /* FirebaseStorage.framework in Frameworks */,
				84FD9DE81D547F1F003C0CD1 /* GoogleMobileAds.framework in Frameworks */,
				84FD9DFD1D547F1F003C0CD1 /* GoogleParsingUtilities.framework in Frameworks */,
				84FD9DF91D547F1F003C0CD1 /* FirebaseInvites.framework in Frameworks */,
				84FD9DF61D547F1F003C0CD1 /* FirebaseDatabase.framework in Frameworks */,
				84FD9DEB1D547F1F003C0CD1 /* GoogleSymbolUtilities.framework in Frameworks */,
				84FD9DF71D547F1F003C0CD1 /* FirebaseDynamicLinks.framework in Frameworks */,
				84FD9DEC1D547F1F003C0CD1 /* GoogleUtilities.framework in Frameworks */,
				84FD9DFE1D547F1F003C0CD1 /* GooglePlusUtilities.framework in Frameworks */,
				84FD9DFF1D547F1F003C0CD1 /* GoogleSignIn.framework in Frameworks */,
				84FD9DE91D547F1F003C0CD1 /* FirebaseInstanceID.framework in Frameworks */,
				84FD9DED1D547F1F003C0CD1 /* FirebaseAppIndexing.framework in Frameworks */,
				84FD9DF21D547F1F003C0CD1 /* FirebaseCrash.framework in Frameworks */,
				B89B4274097870D516DDD2CE /* Pods_FootBall.framework in Frameworks */,
			);
			runOnlyForDeploymentPostprocessing = 0;
		};
		84FD9D6C1D547C52003C0CD1 /* Frameworks */ = {
			isa = PBXFrameworksBuildPhase;
			buildActionMask = 2147483647;
			files = (
				FD0E1B5FE7C829E72B583342 /* Pods_FootBallTests.framework in Frameworks */,
			);
			runOnlyForDeploymentPostprocessing = 0;
		};
		84FD9D771D547C52003C0CD1 /* Frameworks */ = {
			isa = PBXFrameworksBuildPhase;
			buildActionMask = 2147483647;
			files = (
				D010A35798C429BBC63696D5 /* Pods_FootBallUITests.framework in Frameworks */,
			);
			runOnlyForDeploymentPostprocessing = 0;
		};
/* End PBXFrameworksBuildPhase section */

/* Begin PBXGroup section */
		17E6EC4B966AF8E249B1B2DA /* Pods */ = {
			isa = PBXGroup;
			children = (
				EFB88155701BFD114B82AFF0 /* Pods-FootBall.debug.xcconfig */,
				8B172D0EB1D4A676B00AE4BF /* Pods-FootBall.release.xcconfig */,
				0EDE77E4E02340435E62C332 /* Pods-FootBallTests.debug.xcconfig */,
				FA350B7BAD6F1E51467A924F /* Pods-FootBallTests.release.xcconfig */,
				9A7ABF6BC247AFC2D6E0E450 /* Pods-FootBallUITests.debug.xcconfig */,
				3F89E5CA71DED75D9A6D1500 /* Pods-FootBallUITests.release.xcconfig */,
			);
			name = Pods;
			sourceTree = "<group>";
		};
		84FD9D4D1D547C52003C0CD1 = {
			isa = PBXGroup;
			children = (
				84FD9D581D547C52003C0CD1 /* FootBall */,
				84FD9D721D547C52003C0CD1 /* FootBallTests */,
				84FD9D7D1D547C52003C0CD1 /* FootBallUITests */,
				84FD9D571D547C52003C0CD1 /* Products */,
				17E6EC4B966AF8E249B1B2DA /* Pods */,
				F1077B2BDF55688AA741A88D /* Frameworks */,
			);
			sourceTree = "<group>";
		};
		84FD9D571D547C52003C0CD1 /* Products */ = {
			isa = PBXGroup;
			children = (
				84FD9D561D547C52003C0CD1 /* FootBall.app */,
				84FD9D6F1D547C52003C0CD1 /* FootBallTests.xctest */,
				84FD9D7A1D547C52003C0CD1 /* FootBallUITests.xctest */,
			);
			name = Products;
			sourceTree = "<group>";
		};
		84FD9D581D547C52003C0CD1 /* FootBall */ = {
			isa = PBXGroup;
			children = (
				D2CD14351D71A0F8004F1163 /* Images */,
				D2CA15571D54AC3C00D7ED9C /* Database */,
				84FD9E111D548297003C0CD1 /* Cells */,
				84FD9E6B1D548AC2003C0CD1 /* GoogleService-Info.plist */,
				84FD9D8D1D547F1F003C0CD1 /* Lib */,
				84FD9D9C1D547F1F003C0CD1 /* ObjectModel */,
				84FD9D8C1D547F1F003C0CD1 /* HomeController.swift */,
				84FD9DA31D547F1F003C0CD1 /* RankingAndMatchsController.swift */,
				84FD9DA21D547F1F003C0CD1 /* PlayerInfoController.swift */,
				84FD9DA41D547F1F003C0CD1 /* SDK */,
				84FD9DD91D547F1F003C0CD1 /* TeamController.swift */,
				84FD9DDA1D547F1F003C0CD1 /* TeamInfoController.swift */,
				84FD9DDB1D547F1F003C0CD1 /* ToolFunction */,
				84FD9D591D547C52003C0CD1 /* AppDelegate.swift */,
				84FD9D621D547C52003C0CD1 /* Main.storyboard */,
				84FD9D651D547C52003C0CD1 /* Assets.xcassets */,
				84FD9D671D547C52003C0CD1 /* LaunchScreen.storyboard */,
				84FD9D6A1D547C52003C0CD1 /* Info.plist */,
				84FD9D5B1D547C52003C0CD1 /* FootBall.xcdatamodeld */,
				840FAD271D686D5700C459A8 /* Constant.h */,
				D2623ABC1D8ADEE700400541 /* MapController.swift */,
			);
			path = FootBall;
			sourceTree = "<group>";
		};
		84FD9D721D547C52003C0CD1 /* FootBallTests */ = {
			isa = PBXGroup;
			children = (
				84FD9D731D547C52003C0CD1 /* FootBallTests.swift */,
				84FD9D751D547C52003C0CD1 /* Info.plist */,
			);
			path = FootBallTests;
			sourceTree = "<group>";
		};
		84FD9D7D1D547C52003C0CD1 /* FootBallUITests */ = {
			isa = PBXGroup;
			children = (
				84FD9D7E1D547C52003C0CD1 /* FootBallUITests.swift */,
				84FD9D801D547C52003C0CD1 /* Info.plist */,
			);
			path = FootBallUITests;
			sourceTree = "<group>";
		};
		84FD9D8D1D547F1F003C0CD1 /* Lib */ = {
			isa = PBXGroup;
			children = (
				84FD9D8E1D547F1F003C0CD1 /* AFNetworking */,
			);
			path = Lib;
			sourceTree = "<group>";
		};
		84FD9D8E1D547F1F003C0CD1 /* AFNetworking */ = {
			isa = PBXGroup;
			children = (
				84FD9D8F1D547F1F003C0CD1 /* AFHTTPSessionManager.h */,
				84FD9D901D547F1F003C0CD1 /* AFHTTPSessionManager.m */,
				84FD9D911D547F1F003C0CD1 /* AFNetworking.h */,
				84FD9D921D547F1F003C0CD1 /* AFNetworkReachabilityManager.h */,
				84FD9D931D547F1F003C0CD1 /* AFNetworkReachabilityManager.m */,
				84FD9D941D547F1F003C0CD1 /* AFSecurityPolicy.h */,
				84FD9D951D547F1F003C0CD1 /* AFSecurityPolicy.m */,
				84FD9D961D547F1F003C0CD1 /* AFURLRequestSerialization.h */,
				84FD9D971D547F1F003C0CD1 /* AFURLRequestSerialization.m */,
				84FD9D981D547F1F003C0CD1 /* AFURLResponseSerialization.h */,
				84FD9D991D547F1F003C0CD1 /* AFURLResponseSerialization.m */,
				84FD9D9A1D547F1F003C0CD1 /* AFURLSessionManager.h */,
				84FD9D9B1D547F1F003C0CD1 /* AFURLSessionManager.m */,
			);
			path = AFNetworking;
			sourceTree = "<group>";
		};
		84FD9D9C1D547F1F003C0CD1 /* ObjectModel */ = {
			isa = PBXGroup;
			children = (
				84FD9D9D1D547F1F003C0CD1 /* CareerModel.swift */,
				84FD9D9E1D547F1F003C0CD1 /* FootBallNew-Bridging-Header.h */,
				84FD9D9F1D547F1F003C0CD1 /* HeaderObj.h */,
				D227EF281D55F57E00FEF134 /* RankingModel.swift */,
				D200EC661D57572E00D75EAF /* ResultModel.swift */,
				4B123FBA1D5C38ED004103B3 /* PlayerModel.swift */,
				D26F1BE21D6B727900D2D518 /* championHistoryModel.swift */,
			);
			path = ObjectModel;
			sourceTree = "<group>";
		};
		84FD9DA41D547F1F003C0CD1 /* SDK */ = {
			isa = PBXGroup;
			children = (
				84FD9DA51D547F1F003C0CD1 /* AdMob */,
				84FD9DA71D547F1F003C0CD1 /* Analytics */,
				84FD9DAC1D547F1F003C0CD1 /* AppIndexing */,
				84FD9DAE1D547F1F003C0CD1 /* Auth */,
				84FD9DB11D547F1F003C0CD1 /* Crash */,
				84FD9DB81D547F1F003C0CD1 /* Database */,
				84FD9DBA1D547F1F003C0CD1 /* DynamicLinks */,
				84FD9DBC1D547F1F003C0CD1 /* Firebase.h */,
				84FD9DBD1D547F1F003C0CD1 /* Invites */,
				84FD9DCA1D547F1F003C0CD1 /* Manifest.lock */,
				84FD9DCB1D547F1F003C0CD1 /* Messaging */,
				84FD9DCE1D547F1F003C0CD1 /* module.modulemap */,
				84FD9DCF1D547F1F003C0CD1 /* NOTICES */,
				84FD9DD01D547F1F003C0CD1 /* Podfile */,
				84FD9DD11D547F1F003C0CD1 /* Podfile.lock */,
				84FD9DD21D547F1F003C0CD1 /* README.md */,
				84FD9DD31D547F1F003C0CD1 /* RemoteConfig */,
				84FD9DD61D547F1F003C0CD1 /* Storage */,
			);
			path = SDK;
			sourceTree = "<group>";
		};
		84FD9DA51D547F1F003C0CD1 /* AdMob */ = {
			isa = PBXGroup;
			children = (
				84FD9DA61D547F1F003C0CD1 /* GoogleMobileAds.framework */,
			);
			path = AdMob;
			sourceTree = "<group>";
		};
		84FD9DA71D547F1F003C0CD1 /* Analytics */ = {
			isa = PBXGroup;
			children = (
				84FD9DA81D547F1F003C0CD1 /* FirebaseInstanceID.framework */,
				84FD9DA91D547F1F003C0CD1 /* GoogleInterchangeUtilities.framework */,
				84FD9DAA1D547F1F003C0CD1 /* GoogleSymbolUtilities.framework */,
				84FD9DAB1D547F1F003C0CD1 /* GoogleUtilities.framework */,
			);
			path = Analytics;
			sourceTree = "<group>";
		};
		84FD9DAC1D547F1F003C0CD1 /* AppIndexing */ = {
			isa = PBXGroup;
			children = (
				84FD9DAD1D547F1F003C0CD1 /* FirebaseAppIndexing.framework */,
			);
			path = AppIndexing;
			sourceTree = "<group>";
		};
		84FD9DAE1D547F1F003C0CD1 /* Auth */ = {
			isa = PBXGroup;
			children = (
				84FD9DAF1D547F1F003C0CD1 /* GoogleNetworkingUtilities.framework */,
				84FD9DB01D547F1F003C0CD1 /* GoogleParsingUtilities.framework */,
			);
			path = Auth;
			sourceTree = "<group>";
		};
		84FD9DB11D547F1F003C0CD1 /* Crash */ = {
			isa = PBXGroup;
			children = (
				84FD9DB21D547F1F003C0CD1 /* batch-upload */,
				84FD9DB31D547F1F003C0CD1 /* dump_syms */,
				84FD9DB41D547F1F003C0CD1 /* FirebaseCrash.framework */,
				84FD9DB51D547F1F003C0CD1 /* upload-sym */,
				84FD9DB61D547F1F003C0CD1 /* upload-sym-util.bash */,
				84FD9DB71D547F1F003C0CD1 /* upload-sym.sh */,
			);
			path = Crash;
			sourceTree = "<group>";
		};
		84FD9DB81D547F1F003C0CD1 /* Database */ = {
			isa = PBXGroup;
			children = (
				84FD9DB91D547F1F003C0CD1 /* FirebaseDatabase.framework */,
			);
			path = Database;
			sourceTree = "<group>";
		};
		84FD9DBA1D547F1F003C0CD1 /* DynamicLinks */ = {
			isa = PBXGroup;
			children = (
				84FD9DBB1D547F1F003C0CD1 /* FirebaseDynamicLinks.framework */,
			);
			path = DynamicLinks;
			sourceTree = "<group>";
		};
		84FD9DBD1D547F1F003C0CD1 /* Invites */ = {
			isa = PBXGroup;
			children = (
				84FD9DBE1D547F1F003C0CD1 /* FirebaseDynamicLinks.framework */,
				84FD9DBF1D547F1F003C0CD1 /* FirebaseInvites.framework */,
				84FD9DC01D547F1F003C0CD1 /* GoogleAppUtilities.framework */,
				84FD9DC11D547F1F003C0CD1 /* GoogleAuthUtilities.framework */,
				84FD9DC21D547F1F003C0CD1 /* GoogleNetworkingUtilities.framework */,
				84FD9DC31D547F1F003C0CD1 /* GoogleParsingUtilities.framework */,
				84FD9DC41D547F1F003C0CD1 /* GooglePlusUtilities.framework */,
				84FD9DC51D547F1F003C0CD1 /* GoogleSignIn.framework */,
				84FD9DC61D547F1F003C0CD1 /* Resources */,
			);
			path = Invites;
			sourceTree = "<group>";
		};
		84FD9DC61D547F1F003C0CD1 /* Resources */ = {
			isa = PBXGroup;
			children = (
				84FD9DC71D547F1F003C0CD1 /* GINInviteResources.bundle */,
				84FD9DC81D547F1F003C0CD1 /* GPPACLPickerResources.bundle */,
				84FD9DC91D547F1F003C0CD1 /* GTMOAuth2ViewTouch.xib */,
			);
			path = Resources;
			sourceTree = "<group>";
		};
		84FD9DCB1D547F1F003C0CD1 /* Messaging */ = {
			isa = PBXGroup;
			children = (
				84FD9DCC1D547F1F003C0CD1 /* FirebaseMessaging.framework */,
				84FD9DCD1D547F1F003C0CD1 /* GoogleIPhoneUtilities.framework */,
			);
			path = Messaging;
			sourceTree = "<group>";
		};
		84FD9DD31D547F1F003C0CD1 /* RemoteConfig */ = {
			isa = PBXGroup;
			children = (
				84FD9DD41D547F1F003C0CD1 /* FirebaseRemoteConfig.framework */,
				84FD9DD51D547F1F003C0CD1 /* GoogleIPhoneUtilities.framework */,
			);
			path = RemoteConfig;
			sourceTree = "<group>";
		};
		84FD9DD61D547F1F003C0CD1 /* Storage */ = {
			isa = PBXGroup;
			children = (
				84FD9DD71D547F1F003C0CD1 /* FirebaseStorage.framework */,
				84FD9DD81D547F1F003C0CD1 /* GoogleNetworkingUtilities.framework */,
			);
			path = Storage;
			sourceTree = "<group>";
		};
		84FD9DDB1D547F1F003C0CD1 /* ToolFunction */ = {
			isa = PBXGroup;
			children = (
				84FD9DDC1D547F1F003C0CD1 /* ToolFunction.swift */,
			);
			path = ToolFunction;
			sourceTree = "<group>";
		};
		84FD9E111D548297003C0CD1 /* Cells */ = {
			isa = PBXGroup;
			children = (
				84FD9E121D548297003C0CD1 /* CareerHeaderView.swift */,
				84FD9E131D548297003C0CD1 /* CareerHeaderView.xib */,
				84FD9E141D548297003C0CD1 /* LeagueCell.swift */,
				84FD9E151D548297003C0CD1 /* MatchCell.swift */,
				84FD9E161D548297003C0CD1 /* MatchCell.xib */,
				84FD9E171D548297003C0CD1 /* PlayerCareerCell.swift */,
				84FD9E181D548297003C0CD1 /* PlayerCareerCell.xib */,
				84FD9E191D548297003C0CD1 /* PlayerCell.swift */,
				84FD9E1A1D548297003C0CD1 /* RankingCell.swift */,
				84FD9E1B1D548297003C0CD1 /* RankingCell.xib */,
				84FD9E1C1D548297003C0CD1 /* TextNormalCell.swift */,
				84FD9E1D1D548297003C0CD1 /* TextNormalCell.xib */,
				840FAD231D6867B800C459A8 /* HomeHeaderView.swift */,
				840FAD251D6867DE00C459A8 /* HomeHeaderView.xib */,
				D2842B231D69D23400D399A7 /* ChampionHistoryCell.swift */,
				D2842B251D69D46D00D399A7 /* ChampionHistoryHeaderView.swift */,
				D2842B271D69D47F00D399A7 /* ChampionHistoryHeaderView.xib */,
			);
			path = Cells;
			sourceTree = "<group>";
		};
		D2CA15571D54AC3C00D7ED9C /* Database */ = {
			isa = PBXGroup;
			children = (
				D2CA155C1D54AF6F00D7ED9C /* DatabaseManager.swift */,
				D2CA155E1D54B5CF00D7ED9C /* Ranking+CoreDataProperties.swift */,
				D2CA155F1D54B5CF00D7ED9C /* Ranking.swift */,
				D2CA15601D54B5CF00D7ED9C /* Result+CoreDataProperties.swift */,
				D2CA15611D54B5CF00D7ED9C /* Result.swift */,
			);
			name = Database;
			sourceTree = "<group>";
		};
		D2CD14351D71A0F8004F1163 /* Images */ = {
			isa = PBXGroup;
			children = (
				84B7F72A1D829D81002BDA5A /* club@2x.png */,
				D2CD14361D71A0F8004F1163 /* ios */,
				D2CD144C1D71A0F8004F1163 /* League */,
			);
			path = Images;
			sourceTree = "<group>";
		};
		D2CD14361D71A0F8004F1163 /* ios */ = {
			isa = PBXGroup;
			children = (
				D2CD14371D71A0F8004F1163 /* AppIcon.appiconset */,
				D2CD14431D71A0F8004F1163 /* Icon-60.png */,
				D2CD14441D71A0F8004F1163 /* Icon-72.png */,
				D2CD14451D71A0F8004F1163 /* Icon-72@2x.png */,
				D2CD14461D71A0F8004F1163 /* Icon-Small-50.png */,
				D2CD14471D71A0F8004F1163 /* Icon-Small-50@2x.png */,
				D2CD14481D71A0F8004F1163 /* Icon.png */,
				D2CD14491D71A0F8004F1163 /* Icon@2x.png */,
				D2CD144A1D71A0F8004F1163 /* iTunesArtwork.png */,
				D2CD144B1D71A0F8004F1163 /* iTunesArtwork@2x.png */,
			);
			path = ios;
			sourceTree = "<group>";
		};
		D2CD14371D71A0F8004F1163 /* AppIcon.appiconset */ = {
			isa = PBXGroup;
			children = (
				D2CD14381D71A0F8004F1163 /* Contents.json */,
				D2CD14391D71A0F8004F1163 /* Icon-40.png */,
				D2CD143A1D71A0F8004F1163 /* Icon-40@2x.png */,
				D2CD143B1D71A0F8004F1163 /* Icon-40@3x.png */,
				D2CD143C1D71A0F8004F1163 /* Icon-60@2x.png */,
				D2CD143D1D71A0F8004F1163 /* Icon-60@3x.png */,
				D2CD143E1D71A0F8004F1163 /* Icon-76.png */,
				D2CD143F1D71A0F8004F1163 /* Icon-76@2x.png */,
				D2CD14401D71A0F8004F1163 /* Icon-Small.png */,
				D2CD14411D71A0F8004F1163 /* Icon-Small@2x.png */,
				D2CD14421D71A0F8004F1163 /* Icon-Small@3x.png */,
			);
			path = AppIcon.appiconset;
			sourceTree = "<group>";
		};
		D2CD144C1D71A0F8004F1163 /* League */ = {
			isa = PBXGroup;
			children = (
				D2CD144D1D71A0F8004F1163 /* Bundesliga.png */,
				D2CD144E1D71A0F8004F1163 /* JLeague.png */,
				D2CD144F1D71A0F8004F1163 /* LaLiga.png */,
				D2CD14501D71A0F8004F1163 /* League1.png */,
				D2CD14511D71A0F8004F1163 /* PremierLeague.png */,
				D2CD14521D71A0F8004F1163 /* SerieA.png */,
			);
			path = League;
			sourceTree = "<group>";
		};
		F1077B2BDF55688AA741A88D /* Frameworks */ = {
			isa = PBXGroup;
			children = (
				D2623AB81D8ADD2300400541 /* MapKit.framework */,
				4BE40F0C1D59EC91000AC74C /* CoreData.framework */,
				CB75D822F005543694D524F2 /* Pods_FootBall.framework */,
				B0DC0238364B35F92839AE68 /* Pods_FootBallTests.framework */,
				DAF40A93A8E24B34A8B21B54 /* Pods_FootBallUITests.framework */,
			);
			name = Frameworks;
			sourceTree = "<group>";
		};
/* End PBXGroup section */

/* Begin PBXNativeTarget section */
		84FD9D551D547C52003C0CD1 /* FootBall */ = {
			isa = PBXNativeTarget;
			buildConfigurationList = 84FD9D831D547C52003C0CD1 /* Build configuration list for PBXNativeTarget "FootBall" */;
			buildPhases = (
				8589931D6087C8A4D51F7AF5 /* [CP] Check Pods Manifest.lock */,
				84FD9D521D547C52003C0CD1 /* Sources */,
				84FD9D531D547C52003C0CD1 /* Frameworks */,
				84FD9D541D547C52003C0CD1 /* Resources */,
				51F508F8136892C966E1008F /* [CP] Embed Pods Frameworks */,
				2DE8B686182A7825A25B9789 /* [CP] Copy Pods Resources */,
			);
			buildRules = (
			);
			dependencies = (
			);
			name = FootBall;
			productName = FootBall;
			productReference = 84FD9D561D547C52003C0CD1 /* FootBall.app */;
			productType = "com.apple.product-type.application";
		};
		84FD9D6E1D547C52003C0CD1 /* FootBallTests */ = {
			isa = PBXNativeTarget;
			buildConfigurationList = 84FD9D861D547C52003C0CD1 /* Build configuration list for PBXNativeTarget "FootBallTests" */;
			buildPhases = (
				A07982A90CF491B6327193F5 /* [CP] Check Pods Manifest.lock */,
				84FD9D6B1D547C52003C0CD1 /* Sources */,
				84FD9D6C1D547C52003C0CD1 /* Frameworks */,
				84FD9D6D1D547C52003C0CD1 /* Resources */,
				8276B0E0FD1A53BD43557BA8 /* [CP] Embed Pods Frameworks */,
				43F4DE8669446552A696B01D /* [CP] Copy Pods Resources */,
			);
			buildRules = (
			);
			dependencies = (
				84FD9D711D547C52003C0CD1 /* PBXTargetDependency */,
			);
			name = FootBallTests;
			productName = FootBallTests;
			productReference = 84FD9D6F1D547C52003C0CD1 /* FootBallTests.xctest */;
			productType = "com.apple.product-type.bundle.unit-test";
		};
		84FD9D791D547C52003C0CD1 /* FootBallUITests */ = {
			isa = PBXNativeTarget;
			buildConfigurationList = 84FD9D891D547C52003C0CD1 /* Build configuration list for PBXNativeTarget "FootBallUITests" */;
			buildPhases = (
				055A0DFABCC221A4A5B9682A /* [CP] Check Pods Manifest.lock */,
				84FD9D761D547C52003C0CD1 /* Sources */,
				84FD9D771D547C52003C0CD1 /* Frameworks */,
				84FD9D781D547C52003C0CD1 /* Resources */,
				B0DBB60822AC965C5EB4AF34 /* [CP] Copy Pods Resources */,
			);
			buildRules = (
			);
			dependencies = (
				84FD9D7C1D547C52003C0CD1 /* PBXTargetDependency */,
			);
			name = FootBallUITests;
			productName = FootBallUITests;
			productReference = 84FD9D7A1D547C52003C0CD1 /* FootBallUITests.xctest */;
			productType = "com.apple.product-type.bundle.ui-testing";
		};
/* End PBXNativeTarget section */

/* Begin PBXProject section */
		84FD9D4E1D547C52003C0CD1 /* Project object */ = {
			isa = PBXProject;
			attributes = {
				LastSwiftUpdateCheck = 0730;
				LastUpgradeCheck = 0730;
				ORGANIZATIONNAME = "Nguyen Hai Dang";
				TargetAttributes = {
					84FD9D551D547C52003C0CD1 = {
						CreatedOnToolsVersion = 7.3.1;
						DevelopmentTeam = 78F7F9Y9CK;
					};
					84FD9D6E1D547C52003C0CD1 = {
						CreatedOnToolsVersion = 7.3.1;
						TestTargetID = 84FD9D551D547C52003C0CD1;
					};
					84FD9D791D547C52003C0CD1 = {
						CreatedOnToolsVersion = 7.3.1;
						TestTargetID = 84FD9D551D547C52003C0CD1;
					};
				};
			};
			buildConfigurationList = 84FD9D511D547C52003C0CD1 /* Build configuration list for PBXProject "FootBall" */;
			compatibilityVersion = "Xcode 3.2";
			developmentRegion = English;
			hasScannedForEncodings = 0;
			knownRegions = (
				en,
				Base,
			);
			mainGroup = 84FD9D4D1D547C52003C0CD1;
			productRefGroup = 84FD9D571D547C52003C0CD1 /* Products */;
			projectDirPath = "";
			projectRoot = "";
			targets = (
				84FD9D551D547C52003C0CD1 /* FootBall */,
				84FD9D6E1D547C52003C0CD1 /* FootBallTests */,
				84FD9D791D547C52003C0CD1 /* FootBallUITests */,
			);
		};
/* End PBXProject section */

/* Begin PBXResourcesBuildPhase section */
		84FD9D541D547C52003C0CD1 /* Resources */ = {
			isa = PBXResourcesBuildPhase;
			buildActionMask = 2147483647;
			files = (
				84FD9E221D548297003C0CD1 /* MatchCell.xib in Resources */,
				84B7F72B1D829D81002BDA5A /* club@2x.png in Resources */,
				84FD9E011D547F1F003C0CD1 /* GPPACLPickerResources.bundle in Resources */,
				84FD9DF01D547F1F003C0CD1 /* batch-upload in Resources */,
				D2CD14571D71A0F8004F1163 /* Icon-60@2x.png in Resources */,
				D2CD14581D71A0F8004F1163 /* Icon-60@3x.png in Resources */,
				D2CD145E1D71A0F8004F1163 /* Icon-60.png in Resources */,
				84FD9DF51D547F1F003C0CD1 /* upload-sym.sh in Resources */,
				D2CD146C1D71A0F8004F1163 /* SerieA.png in Resources */,
				D2CD14671D71A0F8004F1163 /* Bundesliga.png in Resources */,
				D2CD14561D71A0F8004F1163 /* Icon-40@3x.png in Resources */,
				D2CD14661D71A0F8004F1163 /* iTunesArtwork@2x.png in Resources */,
				84FD9E031D547F1F003C0CD1 /* Manifest.lock in Resources */,
				D2CD14621D71A0F8004F1163 /* Icon-Small-50@2x.png in Resources */,
				84FD9DF31D547F1F003C0CD1 /* upload-sym in Resources */,
				84FD9DF11D547F1F003C0CD1 /* dump_syms in Resources */,
				D2CD14631D71A0F8004F1163 /* Icon.png in Resources */,
				84FD9D691D547C52003C0CD1 /* LaunchScreen.storyboard in Resources */,
				84FD9E001D547F1F003C0CD1 /* GINInviteResources.bundle in Resources */,
				D2CD14691D71A0F8004F1163 /* LaLiga.png in Resources */,
				D2CD145A1D71A0F8004F1163 /* Icon-76@2x.png in Resources */,
				D2CD14551D71A0F8004F1163 /* Icon-40@2x.png in Resources */,
				84FD9D661D547C52003C0CD1 /* Assets.xcassets in Resources */,
				84FD9E021D547F1F003C0CD1 /* GTMOAuth2ViewTouch.xib in Resources */,
				D2CD14681D71A0F8004F1163 /* JLeague.png in Resources */,
				D2CD145B1D71A0F8004F1163 /* Icon-Small.png in Resources */,
				D2CD14531D71A0F8004F1163 /* Contents.json in Resources */,
				D2CD14611D71A0F8004F1163 /* Icon-Small-50.png in Resources */,
				84FD9D641D547C52003C0CD1 /* Main.storyboard in Resources */,
				D2CD14591D71A0F8004F1163 /* Icon-76.png in Resources */,
				D2CD14651D71A0F8004F1163 /* iTunesArtwork.png in Resources */,
				84FD9E241D548297003C0CD1 /* PlayerCareerCell.xib in Resources */,
				D2CD145C1D71A0F8004F1163 /* Icon-Small@2x.png in Resources */,
				84FD9E1F1D548297003C0CD1 /* CareerHeaderView.xib in Resources */,
				84FD9E061D547F1F003C0CD1 /* NOTICES in Resources */,
				84FD9E271D548297003C0CD1 /* RankingCell.xib in Resources */,
				84FD9E081D547F1F003C0CD1 /* Podfile.lock in Resources */,
				D2CD14641D71A0F8004F1163 /* Icon@2x.png in Resources */,
				D2CD14601D71A0F8004F1163 /* Icon-72@2x.png in Resources */,
				D2CD145D1D71A0F8004F1163 /* Icon-Small@3x.png in Resources */,
				D2842B281D69D47F00D399A7 /* ChampionHistoryHeaderView.xib in Resources */,
				D2CD145F1D71A0F8004F1163 /* Icon-72.png in Resources */,
				84FD9E291D548297003C0CD1 /* TextNormalCell.xib in Resources */,
				84FD9E6C1D548AC2003C0CD1 /* GoogleService-Info.plist in Resources */,
				84FD9E071D547F1F003C0CD1 /* Podfile in Resources */,
				D2CD146B1D71A0F8004F1163 /* PremierLeague.png in Resources */,
				D2CD146A1D71A0F8004F1163 /* League1.png in Resources */,
				840FAD261D6867DE00C459A8 /* HomeHeaderView.xib in Resources */,
				84FD9DF41D547F1F003C0CD1 /* upload-sym-util.bash in Resources */,
				D2CD14541D71A0F8004F1163 /* Icon-40.png in Resources */,
			);
			runOnlyForDeploymentPostprocessing = 0;
		};
		84FD9D6D1D547C52003C0CD1 /* Resources */ = {
			isa = PBXResourcesBuildPhase;
			buildActionMask = 2147483647;
			files = (
			);
			runOnlyForDeploymentPostprocessing = 0;
		};
		84FD9D781D547C52003C0CD1 /* Resources */ = {
			isa = PBXResourcesBuildPhase;
			buildActionMask = 2147483647;
			files = (
			);
			runOnlyForDeploymentPostprocessing = 0;
		};
/* End PBXResourcesBuildPhase section */

/* Begin PBXShellScriptBuildPhase section */
		055A0DFABCC221A4A5B9682A /* [CP] Check Pods Manifest.lock */ = {
			isa = PBXShellScriptBuildPhase;
			buildActionMask = 2147483647;
			files = (
			);
			inputPaths = (
			);
			name = "[CP] Check Pods Manifest.lock";
			outputPaths = (
			);
			runOnlyForDeploymentPostprocessing = 0;
			shellPath = /bin/sh;
			shellScript = "diff \"${PODS_ROOT}/../Podfile.lock\" \"${PODS_ROOT}/Manifest.lock\" > /dev/null\nif [[ $? != 0 ]] ; then\n    cat << EOM\nerror: The sandbox is not in sync with the Podfile.lock. Run 'pod install' or update your CocoaPods installation.\nEOM\n    exit 1\nfi\n";
			showEnvVarsInLog = 0;
		};
		2DE8B686182A7825A25B9789 /* [CP] Copy Pods Resources */ = {
			isa = PBXShellScriptBuildPhase;
			buildActionMask = 2147483647;
			files = (
			);
			inputPaths = (
			);
			name = "[CP] Copy Pods Resources";
			outputPaths = (
			);
			runOnlyForDeploymentPostprocessing = 0;
			shellPath = /bin/sh;
			shellScript = "\"${SRCROOT}/Pods/Target Support Files/Pods-FootBall/Pods-FootBall-resources.sh\"\n";
			showEnvVarsInLog = 0;
		};
		43F4DE8669446552A696B01D /* [CP] Copy Pods Resources */ = {
			isa = PBXShellScriptBuildPhase;
			buildActionMask = 2147483647;
			files = (
			);
			inputPaths = (
			);
			name = "[CP] Copy Pods Resources";
			outputPaths = (
			);
			runOnlyForDeploymentPostprocessing = 0;
			shellPath = /bin/sh;
			shellScript = "\"${SRCROOT}/Pods/Target Support Files/Pods-FootBallTests/Pods-FootBallTests-resources.sh\"\n";
			showEnvVarsInLog = 0;
		};
		51F508F8136892C966E1008F /* [CP] Embed Pods Frameworks */ = {
			isa = PBXShellScriptBuildPhase;
			buildActionMask = 2147483647;
			files = (
			);
			inputPaths = (
			);
			name = "[CP] Embed Pods Frameworks";
			outputPaths = (
			);
			runOnlyForDeploymentPostprocessing = 0;
			shellPath = /bin/sh;
			shellScript = "\"${SRCROOT}/Pods/Target Support Files/Pods-FootBall/Pods-FootBall-frameworks.sh\"\n";
			showEnvVarsInLog = 0;
		};
		8276B0E0FD1A53BD43557BA8 /* [CP] Embed Pods Frameworks */ = {
			isa = PBXShellScriptBuildPhase;
			buildActionMask = 2147483647;
			files = (
			);
			inputPaths = (
			);
			name = "[CP] Embed Pods Frameworks";
			outputPaths = (
			);
			runOnlyForDeploymentPostprocessing = 0;
			shellPath = /bin/sh;
			shellScript = "\"${SRCROOT}/Pods/Target Support Files/Pods-FootBallTests/Pods-FootBallTests-frameworks.sh\"\n";
			showEnvVarsInLog = 0;
		};
		8589931D6087C8A4D51F7AF5 /* [CP] Check Pods Manifest.lock */ = {
			isa = PBXShellScriptBuildPhase;
			buildActionMask = 2147483647;
			files = (
			);
			inputPaths = (
			);
			name = "[CP] Check Pods Manifest.lock";
			outputPaths = (
			);
			runOnlyForDeploymentPostprocessing = 0;
			shellPath = /bin/sh;
			shellScript = "diff \"${PODS_ROOT}/../Podfile.lock\" \"${PODS_ROOT}/Manifest.lock\" > /dev/null\nif [[ $? != 0 ]] ; then\n    cat << EOM\nerror: The sandbox is not in sync with the Podfile.lock. Run 'pod install' or update your CocoaPods installation.\nEOM\n    exit 1\nfi\n";
			showEnvVarsInLog = 0;
		};
		A07982A90CF491B6327193F5 /* [CP] Check Pods Manifest.lock */ = {
			isa = PBXShellScriptBuildPhase;
			buildActionMask = 2147483647;
			files = (
			);
			inputPaths = (
			);
			name = "[CP] Check Pods Manifest.lock";
			outputPaths = (
			);
			runOnlyForDeploymentPostprocessing = 0;
			shellPath = /bin/sh;
			shellScript = "diff \"${PODS_ROOT}/../Podfile.lock\" \"${PODS_ROOT}/Manifest.lock\" > /dev/null\nif [[ $? != 0 ]] ; then\n    cat << EOM\nerror: The sandbox is not in sync with the Podfile.lock. Run 'pod install' or update your CocoaPods installation.\nEOM\n    exit 1\nfi\n";
			showEnvVarsInLog = 0;
		};
		B0DBB60822AC965C5EB4AF34 /* [CP] Copy Pods Resources */ = {
			isa = PBXShellScriptBuildPhase;
			buildActionMask = 2147483647;
			files = (
			);
			inputPaths = (
			);
			name = "[CP] Copy Pods Resources";
			outputPaths = (
			);
			runOnlyForDeploymentPostprocessing = 0;
			shellPath = /bin/sh;
			shellScript = "\"${SRCROOT}/Pods/Target Support Files/Pods-FootBallUITests/Pods-FootBallUITests-resources.sh\"\n";
			showEnvVarsInLog = 0;
		};
/* End PBXShellScriptBuildPhase section */

/* Begin PBXSourcesBuildPhase section */
		84FD9D521D547C52003C0CD1 /* Sources */ = {
			isa = PBXSourcesBuildPhase;
			buildActionMask = 2147483647;
			files = (
				84FD9E251D548297003C0CD1 /* PlayerCell.swift in Sources */,
				D2842B261D69D46D00D399A7 /* ChampionHistoryHeaderView.swift in Sources */,
				84FD9E0F1D547F1F003C0CD1 /* TeamInfoController.swift in Sources */,
				84FD9E101D547F1F003C0CD1 /* ToolFunction.swift in Sources */,
				D26F1BE31D6B727900D2D518 /* championHistoryModel.swift in Sources */,
				84FD9E231D548297003C0CD1 /* PlayerCareerCell.swift in Sources */,
				84FD9DE11D547F1F003C0CD1 /* AFURLRequestSerialization.m in Sources */,
				84FD9D5D1D547C52003C0CD1 /* FootBall.xcdatamodeld in Sources */,
				84FD9E281D548297003C0CD1 /* TextNormalCell.swift in Sources */,
				D2CA15641D54B5CF00D7ED9C /* Result+CoreDataProperties.swift in Sources */,
				D200EC671D57572E00D75EAF /* ResultModel.swift in Sources */,
				84FD9D5A1D547C52003C0CD1 /* AppDelegate.swift in Sources */,
				84FD9E261D548297003C0CD1 /* RankingCell.swift in Sources */,
				84FD9DE71D547F1F003C0CD1 /* RankingAndMatchsController.swift in Sources */,
				D2CA15621D54B5CF00D7ED9C /* Ranking+CoreDataProperties.swift in Sources */,
				D2842B241D69D23400D399A7 /* ChampionHistoryCell.swift in Sources */,
				D2623ABD1D8ADEE700400541 /* MapController.swift in Sources */,
				84FD9E0E1D547F1F003C0CD1 /* TeamController.swift in Sources */,
				84FD9E091D547F1F003C0CD1 /* README.md in Sources */,
				84FD9DE31D547F1F003C0CD1 /* AFURLSessionManager.m in Sources */,
				84FD9E1E1D548297003C0CD1 /* CareerHeaderView.swift in Sources */,
				84FD9DE21D547F1F003C0CD1 /* AFURLResponseSerialization.m in Sources */,
				84FD9DDF1D547F1F003C0CD1 /* AFNetworkReachabilityManager.m in Sources */,
				84FD9DE61D547F1F003C0CD1 /* PlayerInfoController.swift in Sources */,
				84FD9DE01D547F1F003C0CD1 /* AFSecurityPolicy.m in Sources */,
				D2CA15651D54B5CF00D7ED9C /* Result.swift in Sources */,
				4B123FBB1D5C38ED004103B3 /* PlayerModel.swift in Sources */,
				D227EF291D55F57E00FEF134 /* RankingModel.swift in Sources */,
				84FD9DDE1D547F1F003C0CD1 /* AFHTTPSessionManager.m in Sources */,
				84FD9DDD1D547F1F003C0CD1 /* HomeController.swift in Sources */,
				84FD9E211D548297003C0CD1 /* MatchCell.swift in Sources */,
				84FD9E201D548297003C0CD1 /* LeagueCell.swift in Sources */,
				840FAD241D6867B800C459A8 /* HomeHeaderView.swift in Sources */,
				84FD9DE41D547F1F003C0CD1 /* CareerModel.swift in Sources */,
				D2CA155D1D54AF6F00D7ED9C /* DatabaseManager.swift in Sources */,
				D2CA15631D54B5CF00D7ED9C /* Ranking.swift in Sources */,
			);
			runOnlyForDeploymentPostprocessing = 0;
		};
		84FD9D6B1D547C52003C0CD1 /* Sources */ = {
			isa = PBXSourcesBuildPhase;
			buildActionMask = 2147483647;
			files = (
				84FD9D741D547C52003C0CD1 /* FootBallTests.swift in Sources */,
			);
			runOnlyForDeploymentPostprocessing = 0;
		};
		84FD9D761D547C52003C0CD1 /* Sources */ = {
			isa = PBXSourcesBuildPhase;
			buildActionMask = 2147483647;
			files = (
				84FD9D7F1D547C52003C0CD1 /* FootBallUITests.swift in Sources */,
			);
			runOnlyForDeploymentPostprocessing = 0;
		};
/* End PBXSourcesBuildPhase section */

/* Begin PBXTargetDependency section */
		84FD9D711D547C52003C0CD1 /* PBXTargetDependency */ = {
			isa = PBXTargetDependency;
			target = 84FD9D551D547C52003C0CD1 /* FootBall */;
			targetProxy = 84FD9D701D547C52003C0CD1 /* PBXContainerItemProxy */;
		};
		84FD9D7C1D547C52003C0CD1 /* PBXTargetDependency */ = {
			isa = PBXTargetDependency;
			target = 84FD9D551D547C52003C0CD1 /* FootBall */;
			targetProxy = 84FD9D7B1D547C52003C0CD1 /* PBXContainerItemProxy */;
		};
/* End PBXTargetDependency section */

/* Begin PBXVariantGroup section */
		84FD9D621D547C52003C0CD1 /* Main.storyboard */ = {
			isa = PBXVariantGroup;
			children = (
				84FD9D631D547C52003C0CD1 /* Base */,
			);
			name = Main.storyboard;
			sourceTree = "<group>";
		};
		84FD9D671D547C52003C0CD1 /* LaunchScreen.storyboard */ = {
			isa = PBXVariantGroup;
			children = (
				84FD9D681D547C52003C0CD1 /* Base */,
			);
			name = LaunchScreen.storyboard;
			sourceTree = "<group>";
		};
/* End PBXVariantGroup section */

/* Begin XCBuildConfiguration section */
		84FD9D811D547C52003C0CD1 /* Debug */ = {
			isa = XCBuildConfiguration;
			buildSettings = {
				ALWAYS_SEARCH_USER_PATHS = NO;
				CLANG_ANALYZER_NONNULL = YES;
				CLANG_CXX_LANGUAGE_STANDARD = "gnu++0x";
				CLANG_CXX_LIBRARY = "libc++";
				CLANG_ENABLE_MODULES = YES;
				CLANG_ENABLE_OBJC_ARC = YES;
				CLANG_WARN_BOOL_CONVERSION = YES;
				CLANG_WARN_CONSTANT_CONVERSION = YES;
				CLANG_WARN_DIRECT_OBJC_ISA_USAGE = YES_ERROR;
				CLANG_WARN_EMPTY_BODY = YES;
				CLANG_WARN_ENUM_CONVERSION = YES;
				CLANG_WARN_INT_CONVERSION = YES;
				CLANG_WARN_OBJC_ROOT_CLASS = YES_ERROR;
				CLANG_WARN_UNREACHABLE_CODE = YES;
				CLANG_WARN__DUPLICATE_METHOD_MATCH = YES;
				"CODE_SIGN_IDENTITY[sdk=iphoneos*]" = "iPhone Developer";
				COPY_PHASE_STRIP = NO;
				DEBUG_INFORMATION_FORMAT = dwarf;
				ENABLE_STRICT_OBJC_MSGSEND = YES;
				ENABLE_TESTABILITY = YES;
				GCC_C_LANGUAGE_STANDARD = gnu99;
				GCC_DYNAMIC_NO_PIC = NO;
				GCC_NO_COMMON_BLOCKS = YES;
				GCC_OPTIMIZATION_LEVEL = 0;
				GCC_PREPROCESSOR_DEFINITIONS = (
					"DEBUG=1",
					"$(inherited)",
				);
				GCC_WARN_64_TO_32_BIT_CONVERSION = YES;
				GCC_WARN_ABOUT_RETURN_TYPE = YES_ERROR;
				GCC_WARN_UNDECLARED_SELECTOR = YES;
				GCC_WARN_UNINITIALIZED_AUTOS = YES_AGGRESSIVE;
				GCC_WARN_UNUSED_FUNCTION = YES;
				GCC_WARN_UNUSED_VARIABLE = YES;
				IPHONEOS_DEPLOYMENT_TARGET = 9.3;
				MTL_ENABLE_DEBUG_INFO = YES;
				ONLY_ACTIVE_ARCH = YES;
				SDKROOT = iphoneos;
				SWIFT_OPTIMIZATION_LEVEL = "-Onone";
				TARGETED_DEVICE_FAMILY = "1,2";
			};
			name = Debug;
		};
		84FD9D821D547C52003C0CD1 /* Release */ = {
			isa = XCBuildConfiguration;
			buildSettings = {
				ALWAYS_SEARCH_USER_PATHS = NO;
				CLANG_ANALYZER_NONNULL = YES;
				CLANG_CXX_LANGUAGE_STANDARD = "gnu++0x";
				CLANG_CXX_LIBRARY = "libc++";
				CLANG_ENABLE_MODULES = YES;
				CLANG_ENABLE_OBJC_ARC = YES;
				CLANG_WARN_BOOL_CONVERSION = YES;
				CLANG_WARN_CONSTANT_CONVERSION = YES;
				CLANG_WARN_DIRECT_OBJC_ISA_USAGE = YES_ERROR;
				CLANG_WARN_EMPTY_BODY = YES;
				CLANG_WARN_ENUM_CONVERSION = YES;
				CLANG_WARN_INT_CONVERSION = YES;
				CLANG_WARN_OBJC_ROOT_CLASS = YES_ERROR;
				CLANG_WARN_UNREACHABLE_CODE = YES;
				CLANG_WARN__DUPLICATE_METHOD_MATCH = YES;
				"CODE_SIGN_IDENTITY[sdk=iphoneos*]" = "iPhone Developer";
				COPY_PHASE_STRIP = NO;
				DEBUG_INFORMATION_FORMAT = "dwarf-with-dsym";
				ENABLE_NS_ASSERTIONS = NO;
				ENABLE_STRICT_OBJC_MSGSEND = YES;
				GCC_C_LANGUAGE_STANDARD = gnu99;
				GCC_NO_COMMON_BLOCKS = YES;
				GCC_WARN_64_TO_32_BIT_CONVERSION = YES;
				GCC_WARN_ABOUT_RETURN_TYPE = YES_ERROR;
				GCC_WARN_UNDECLARED_SELECTOR = YES;
				GCC_WARN_UNINITIALIZED_AUTOS = YES_AGGRESSIVE;
				GCC_WARN_UNUSED_FUNCTION = YES;
				GCC_WARN_UNUSED_VARIABLE = YES;
				IPHONEOS_DEPLOYMENT_TARGET = 9.3;
				MTL_ENABLE_DEBUG_INFO = NO;
				SDKROOT = iphoneos;
				TARGETED_DEVICE_FAMILY = "1,2";
				VALIDATE_PRODUCT = YES;
			};
			name = Release;
		};
		84FD9D841D547C52003C0CD1 /* Debug */ = {
			isa = XCBuildConfiguration;
			baseConfigurationReference = EFB88155701BFD114B82AFF0 /* Pods-FootBall.debug.xcconfig */;
			buildSettings = {
				ASSETCATALOG_COMPILER_APPICON_NAME = AppIcon;
				CODE_SIGN_IDENTITY = "iPhone Developer";
				"CODE_SIGN_IDENTITY[sdk=iphoneos*]" = "iPhone Developer";
				FRAMEWORK_SEARCH_PATHS = (
					"$(inherited)",
					"$(PROJECT_DIR)/FootBall/SDK/AdMob",
					"$(PROJECT_DIR)/FootBall/SDK/Analytics",
					"$(PROJECT_DIR)/FootBall/SDK/AppIndexing",
					"$(PROJECT_DIR)/FootBall/SDK/Auth",
					"$(PROJECT_DIR)/FootBall/SDK/Crash",
					"$(PROJECT_DIR)/FootBall/SDK/Database",
					"$(PROJECT_DIR)/FootBall/SDK/DynamicLinks",
					"$(PROJECT_DIR)/FootBall/SDK/Invites",
					"$(PROJECT_DIR)/FootBall/SDK/Messaging",
					"$(PROJECT_DIR)/FootBall/SDK/RemoteConfig",
					"$(PROJECT_DIR)/FootBall/SDK/Storage",
				);
				INFOPLIST_FILE = FootBall/Info.plist;
				IPHONEOS_DEPLOYMENT_TARGET = 8.0;
				LD_RUNPATH_SEARCH_PATHS = "$(inherited) @executable_path/Frameworks";
				PRODUCT_BUNDLE_IDENTIFIER = lighthouse.FootBall;
				PRODUCT_NAME = "$(TARGET_NAME)";
				PROVISIONING_PROFILE = "";
			};
			name = Debug;
		};
		84FD9D851D547C52003C0CD1 /* Release */ = {
			isa = XCBuildConfiguration;
			baseConfigurationReference = 8B172D0EB1D4A676B00AE4BF /* Pods-FootBall.release.xcconfig */;
			buildSettings = {
				ASSETCATALOG_COMPILER_APPICON_NAME = AppIcon;
				CODE_SIGN_IDENTITY = "iPhone Developer";
				"CODE_SIGN_IDENTITY[sdk=iphoneos*]" = "iPhone Developer";
				FRAMEWORK_SEARCH_PATHS = (
					"$(inherited)",
					"$(PROJECT_DIR)/FootBall/SDK/AdMob",
					"$(PROJECT_DIR)/FootBall/SDK/Analytics",
					"$(PROJECT_DIR)/FootBall/SDK/AppIndexing",
					"$(PROJECT_DIR)/FootBall/SDK/Auth",
					"$(PROJECT_DIR)/FootBall/SDK/Crash",
					"$(PROJECT_DIR)/FootBall/SDK/Database",
					"$(PROJECT_DIR)/FootBall/SDK/DynamicLinks",
					"$(PROJECT_DIR)/FootBall/SDK/Invites",
					"$(PROJECT_DIR)/FootBall/SDK/Messaging",
					"$(PROJECT_DIR)/FootBall/SDK/RemoteConfig",
					"$(PROJECT_DIR)/FootBall/SDK/Storage",
				);
				INFOPLIST_FILE = FootBall/Info.plist;
				IPHONEOS_DEPLOYMENT_TARGET = 8.0;
				LD_RUNPATH_SEARCH_PATHS = "$(inherited) @executable_path/Frameworks";
				PRODUCT_BUNDLE_IDENTIFIER = lighthouse.FootBall;
				PRODUCT_NAME = "$(TARGET_NAME)";
				PROVISIONING_PROFILE = "";
			};
			name = Release;
		};
		84FD9D871D547C52003C0CD1 /* Debug */ = {
			isa = XCBuildConfiguration;
			baseConfigurationReference = 0EDE77E4E02340435E62C332 /* Pods-FootBallTests.debug.xcconfig */;
			buildSettings = {
				BUNDLE_LOADER = "$(TEST_HOST)";
				INFOPLIST_FILE = FootBallTests/Info.plist;
				LD_RUNPATH_SEARCH_PATHS = "$(inherited) @executable_path/Frameworks @loader_path/Frameworks";
				PRODUCT_BUNDLE_IDENTIFIER = com.lighthouse.FootBallTests;
				PRODUCT_NAME = "$(TARGET_NAME)";
				TEST_HOST = "$(BUILT_PRODUCTS_DIR)/FootBall.app/FootBall";
			};
			name = Debug;
		};
		84FD9D881D547C52003C0CD1 /* Release */ = {
			isa = XCBuildConfiguration;
			baseConfigurationReference = FA350B7BAD6F1E51467A924F /* Pods-FootBallTests.release.xcconfig */;
			buildSettings = {
				BUNDLE_LOADER = "$(TEST_HOST)";
				INFOPLIST_FILE = FootBallTests/Info.plist;
				LD_RUNPATH_SEARCH_PATHS = "$(inherited) @executable_path/Frameworks @loader_path/Frameworks";
				PRODUCT_BUNDLE_IDENTIFIER = com.lighthouse.FootBallTests;
				PRODUCT_NAME = "$(TARGET_NAME)";
				TEST_HOST = "$(BUILT_PRODUCTS_DIR)/FootBall.app/FootBall";
			};
			name = Release;
		};
		84FD9D8A1D547C52003C0CD1 /* Debug */ = {
			isa = XCBuildConfiguration;
			baseConfigurationReference = 9A7ABF6BC247AFC2D6E0E450 /* Pods-FootBallUITests.debug.xcconfig */;
			buildSettings = {
				INFOPLIST_FILE = FootBallUITests/Info.plist;
				LD_RUNPATH_SEARCH_PATHS = "$(inherited) @executable_path/Frameworks @loader_path/Frameworks";
				PRODUCT_BUNDLE_IDENTIFIER = com.lighthouse.FootBallUITests;
				PRODUCT_NAME = "$(TARGET_NAME)";
				TEST_TARGET_NAME = FootBall;
			};
			name = Debug;
		};
		84FD9D8B1D547C52003C0CD1 /* Release */ = {
			isa = XCBuildConfiguration;
			baseConfigurationReference = 3F89E5CA71DED75D9A6D1500 /* Pods-FootBallUITests.release.xcconfig */;
			buildSettings = {
				INFOPLIST_FILE = FootBallUITests/Info.plist;
				LD_RUNPATH_SEARCH_PATHS = "$(inherited) @executable_path/Frameworks @loader_path/Frameworks";
				PRODUCT_BUNDLE_IDENTIFIER = com.lighthouse.FootBallUITests;
				PRODUCT_NAME = "$(TARGET_NAME)";
				TEST_TARGET_NAME = FootBall;
			};
			name = Release;
		};
/* End XCBuildConfiguration section */

/* Begin XCConfigurationList section */
		84FD9D511D547C52003C0CD1 /* Build configuration list for PBXProject "FootBall" */ = {
			isa = XCConfigurationList;
			buildConfigurations = (
				84FD9D811D547C52003C0CD1 /* Debug */,
				84FD9D821D547C52003C0CD1 /* Release */,
			);
			defaultConfigurationIsVisible = 0;
			defaultConfigurationName = Release;
		};
		84FD9D831D547C52003C0CD1 /* Build configuration list for PBXNativeTarget "FootBall" */ = {
			isa = XCConfigurationList;
			buildConfigurations = (
				84FD9D841D547C52003C0CD1 /* Debug */,
				84FD9D851D547C52003C0CD1 /* Release */,
			);
			defaultConfigurationIsVisible = 0;
			defaultConfigurationName = Release;
		};
		84FD9D861D547C52003C0CD1 /* Build configuration list for PBXNativeTarget "FootBallTests" */ = {
			isa = XCConfigurationList;
			buildConfigurations = (
				84FD9D871D547C52003C0CD1 /* Debug */,
				84FD9D881D547C52003C0CD1 /* Release */,
			);
			defaultConfigurationIsVisible = 0;
			defaultConfigurationName = Release;
		};
		84FD9D891D547C52003C0CD1 /* Build configuration list for PBXNativeTarget "FootBallUITests" */ = {
			isa = XCConfigurationList;
			buildConfigurations = (
				84FD9D8A1D547C52003C0CD1 /* Debug */,
				84FD9D8B1D547C52003C0CD1 /* Release */,
			);
			defaultConfigurationIsVisible = 0;
			defaultConfigurationName = Release;
		};
/* End XCConfigurationList section */

/* Begin XCVersionGroup section */
		84FD9D5B1D547C52003C0CD1 /* FootBall.xcdatamodeld */ = {
			isa = XCVersionGroup;
			children = (
				84FD9D5C1D547C52003C0CD1 /* FootBall.xcdatamodel */,
			);
			currentVersion = 84FD9D5C1D547C52003C0CD1 /* FootBall.xcdatamodel */;
			path = FootBall.xcdatamodeld;
			sourceTree = "<group>";
			versionGroupType = wrapper.xcdatamodel;
		};
/* End XCVersionGroup section */
	};
	rootObject = 84FD9D4E1D547C52003C0CD1 /* Project object */;
}
